
Microsoft Visual Studio Solution File, Format Version 12.00
# Visual Studio Version 16
VisualStudioVersion = 16.0.31605.320
MinimumVisualStudioVersion = 10.0.40219.1
Project("{8BC9CEB8-8B4A-11D0-8D11-00A0C91BC942}") = "ExePatch", "GameExecutable\ExePatch.vcxproj", "{F0E01B8A-1C93-85CB-693E-B9CA24A27168}"
	ProjectSection(ProjectDependencies) = postProject
		{4E768DEE-319A-43AB-8D52-7079E270D91C} = {4E768DEE-319A-43AB-8D52-7079E270D91C}
	EndProjectSection
EndProject
Project("{8BC9CEB8-8B4A-11D0-8D11-00A0C91BC942}") = "CoreLib", "CoreLib\CoreLib.vcxproj", "{4E768DEE-319A-43AB-8D52-7079E270D91C}"
EndProject
Project("{8BC9CEB8-8B4A-11D0-8D11-00A0C91BC942}") = "DedicatedServer", "DedicatedServer\DedicatedServer.vcxproj", "{0E31C912-0CD4-4EB2-9A99-524178B10E48}"
	ProjectSection(ProjectDependencies) = postProject
		{4E768DEE-319A-43AB-8D52-7079E270D91C} = {4E768DEE-319A-43AB-8D52-7079E270D91C}
	EndProjectSection
EndProject
Project("{8BC9CEB8-8B4A-11D0-8D11-00A0C91BC942}") = "PluginModule", "ExamplePlugin\PluginModule.vcxproj", "{5D8EBD18-915D-4A91-A2FF-4CD988C7C399}"
EndProject
Project("{8BC9CEB8-8B4A-11D0-8D11-00A0C91BC942}") = "EngineGUI", "EngineGUI\EngineGUI.vcxproj", "{5DD7A05E-73EC-46F5-ABC1-A5CFECE7D306}"
	ProjectSection(ProjectDependencies) = postProject
		{4E768DEE-319A-43AB-8D52-7079E270D91C} = {4E768DEE-319A-43AB-8D52-7079E270D91C}
	EndProjectSection
EndProject
Project("{2150E333-8FDC-42A3-9474-1A3956D46DE8}") = "Plugins", "Plugins", "{C0B455EE-4E9E-4547-8F54-392AAD01B704}"
EndProject
Project("{8BC9CEB8-8B4A-11D0-8D11-00A0C91BC942}") = "LocalCheats", "Plugins\LocalCheats\LocalCheats.vcxproj", "{D99C3608-D607-44D3-9B80-EF7BC3762E8A}"
EndProject
Project("{8BC9CEB8-8B4A-11D0-8D11-00A0C91BC942}") = "ToggleableRedScreen", "Plugins\ToggleableRedScreen\ToggleableRedScreen.vcxproj", "{0EABD2EE-EF9F-47D6-B960-B2BC9A4C8561}"
EndProject
Global
	GlobalSection(SolutionConfigurationPlatforms) = preSolution
		Debug_TSE107|x86 = Debug_TSE107|x86
		Release_TFE105|x86 = Release_TFE105|x86
		Release_TSE105|x86 = Release_TSE105|x86
		Release_TSE107|x86 = Release_TSE107|x86
	EndGlobalSection
	GlobalSection(ProjectConfigurationPlatforms) = postSolution
		{F0E01B8A-1C93-85CB-693E-B9CA24A27168}.Debug_TSE107|x86.ActiveCfg = Debug_TSE107|Win32
		{F0E01B8A-1C93-85CB-693E-B9CA24A27168}.Debug_TSE107|x86.Build.0 = Debug_TSE107|Win32
		{F0E01B8A-1C93-85CB-693E-B9CA24A27168}.Release_TFE105|x86.ActiveCfg = Release_TFE105|Win32
		{F0E01B8A-1C93-85CB-693E-B9CA24A27168}.Release_TFE105|x86.Build.0 = Release_TFE105|Win32
		{F0E01B8A-1C93-85CB-693E-B9CA24A27168}.Release_TSE105|x86.ActiveCfg = Release_TSE105|Win32
		{F0E01B8A-1C93-85CB-693E-B9CA24A27168}.Release_TSE105|x86.Build.0 = Release_TSE105|Win32
		{F0E01B8A-1C93-85CB-693E-B9CA24A27168}.Release_TSE107|x86.ActiveCfg = Release_TSE107|Win32
		{F0E01B8A-1C93-85CB-693E-B9CA24A27168}.Release_TSE107|x86.Build.0 = Release_TSE107|Win32
		{4E768DEE-319A-43AB-8D52-7079E270D91C}.Debug_TSE107|x86.ActiveCfg = Debug_TSE107|Win32
		{4E768DEE-319A-43AB-8D52-7079E270D91C}.Debug_TSE107|x86.Build.0 = Debug_TSE107|Win32
		{4E768DEE-319A-43AB-8D52-7079E270D91C}.Release_TFE105|x86.ActiveCfg = Release_TFE105|Win32
		{4E768DEE-319A-43AB-8D52-7079E270D91C}.Release_TFE105|x86.Build.0 = Release_TFE105|Win32
		{4E768DEE-319A-43AB-8D52-7079E270D91C}.Release_TSE105|x86.ActiveCfg = Release_TSE105|Win32
		{4E768DEE-319A-43AB-8D52-7079E270D91C}.Release_TSE105|x86.Build.0 = Release_TSE105|Win32
		{4E768DEE-319A-43AB-8D52-7079E270D91C}.Release_TSE107|x86.ActiveCfg = Release_TSE107|Win32
		{4E768DEE-319A-43AB-8D52-7079E270D91C}.Release_TSE107|x86.Build.0 = Release_TSE107|Win32
		{0E31C912-0CD4-4EB2-9A99-524178B10E48}.Debug_TSE107|x86.ActiveCfg = Debug_TSE107|Win32
		{0E31C912-0CD4-4EB2-9A99-524178B10E48}.Debug_TSE107|x86.Build.0 = Debug_TSE107|Win32
		{0E31C912-0CD4-4EB2-9A99-524178B10E48}.Release_TFE105|x86.ActiveCfg = Release_TFE105|Win32
		{0E31C912-0CD4-4EB2-9A99-524178B10E48}.Release_TFE105|x86.Build.0 = Release_TFE105|Win32
		{0E31C912-0CD4-4EB2-9A99-524178B10E48}.Release_TSE105|x86.ActiveCfg = Release_TSE105|Win32
		{0E31C912-0CD4-4EB2-9A99-524178B10E48}.Release_TSE105|x86.Build.0 = Release_TSE105|Win32
		{0E31C912-0CD4-4EB2-9A99-524178B10E48}.Release_TSE107|x86.ActiveCfg = Release_TSE107|Win32
		{0E31C912-0CD4-4EB2-9A99-524178B10E48}.Release_TSE107|x86.Build.0 = Release_TSE107|Win32
		{5D8EBD18-915D-4A91-A2FF-4CD988C7C399}.Debug_TSE107|x86.ActiveCfg = Debug_TSE107|Win32
		{5D8EBD18-915D-4A91-A2FF-4CD988C7C399}.Debug_TSE107|x86.Build.0 = Debug_TSE107|Win32
		{5D8EBD18-915D-4A91-A2FF-4CD988C7C399}.Release_TFE105|x86.ActiveCfg = Release_TFE105|Win32
		{5D8EBD18-915D-4A91-A2FF-4CD988C7C399}.Release_TFE105|x86.Build.0 = Release_TFE105|Win32
		{5D8EBD18-915D-4A91-A2FF-4CD988C7C399}.Release_TSE105|x86.ActiveCfg = Release_TSE105|Win32
		{5D8EBD18-915D-4A91-A2FF-4CD988C7C399}.Release_TSE105|x86.Build.0 = Release_TSE105|Win32
		{5D8EBD18-915D-4A91-A2FF-4CD988C7C399}.Release_TSE107|x86.ActiveCfg = Release_TSE107|Win32
		{5D8EBD18-915D-4A91-A2FF-4CD988C7C399}.Release_TSE107|x86.Build.0 = Release_TSE107|Win32
		{5DD7A05E-73EC-46F5-ABC1-A5CFECE7D306}.Debug_TSE107|x86.ActiveCfg = Debug_TSE107|Win32
		{5DD7A05E-73EC-46F5-ABC1-A5CFECE7D306}.Debug_TSE107|x86.Build.0 = Debug_TSE107|Win32
		{5DD7A05E-73EC-46F5-ABC1-A5CFECE7D306}.Release_TFE105|x86.ActiveCfg = Release_TFE105|Win32
		{5DD7A05E-73EC-46F5-ABC1-A5CFECE7D306}.Release_TFE105|x86.Build.0 = Release_TFE105|Win32
		{5DD7A05E-73EC-46F5-ABC1-A5CFECE7D306}.Release_TSE105|x86.ActiveCfg = Release_TSE105|Win32
		{5DD7A05E-73EC-46F5-ABC1-A5CFECE7D306}.Release_TSE105|x86.Build.0 = Release_TSE105|Win32
		{5DD7A05E-73EC-46F5-ABC1-A5CFECE7D306}.Release_TSE107|x86.ActiveCfg = Release_TSE107|Win32
		{5DD7A05E-73EC-46F5-ABC1-A5CFECE7D306}.Release_TSE107|x86.Build.0 = Release_TSE107|Win32
		{D99C3608-D607-44D3-9B80-EF7BC3762E8A}.Debug_TSE107|x86.ActiveCfg = Debug_TSE107|Win32
		{D99C3608-D607-44D3-9B80-EF7BC3762E8A}.Debug_TSE107|x86.Build.0 = Debug_TSE107|Win32
		{D99C3608-D607-44D3-9B80-EF7BC3762E8A}.Release_TFE105|x86.ActiveCfg = Release_TFE105|Win32
		{D99C3608-D607-44D3-9B80-EF7BC3762E8A}.Release_TFE105|x86.Build.0 = Release_TFE105|Win32
		{D99C3608-D607-44D3-9B80-EF7BC3762E8A}.Release_TSE105|x86.ActiveCfg = Release_TSE105|Win32
		{D99C3608-D607-44D3-9B80-EF7BC3762E8A}.Release_TSE105|x86.Build.0 = Release_TSE105|Win32
		{D99C3608-D607-44D3-9B80-EF7BC3762E8A}.Release_TSE107|x86.ActiveCfg = Release_TSE107|Win32
		{D99C3608-D607-44D3-9B80-EF7BC3762E8A}.Release_TSE107|x86.Build.0 = Release_TSE107|Win32
		{0EABD2EE-EF9F-47D6-B960-B2BC9A4C8561}.Debug_TSE107|x86.ActiveCfg = Debug_TSE107|Win32
		{0EABD2EE-EF9F-47D6-B960-B2BC9A4C8561}.Debug_TSE107|x86.Build.0 = Debug_TSE107|Win32
		{0EABD2EE-EF9F-47D6-B960-B2BC9A4C8561}.Release_TFE105|x86.ActiveCfg = Release_TFE105|Win32
		{0EABD2EE-EF9F-47D6-B960-B2BC9A4C8561}.Release_TFE105|x86.Build.0 = Release_TFE105|Win32
		{0EABD2EE-EF9F-47D6-B960-B2BC9A4C8561}.Release_TSE105|x86.ActiveCfg = Release_TSE105|Win32
		{0EABD2EE-EF9F-47D6-B960-B2BC9A4C8561}.Release_TSE105|x86.Build.0 = Release_TSE105|Win32
		{0EABD2EE-EF9F-47D6-B960-B2BC9A4C8561}.Release_TSE107|x86.ActiveCfg = Release_TSE107|Win32
		{0EABD2EE-EF9F-47D6-B960-B2BC9A4C8561}.Release_TSE107|x86.Build.0 = Release_TSE107|Win32
	EndGlobalSection
	GlobalSection(SolutionProperties) = preSolution
		HideSolutionNode = FALSE
	EndGlobalSection
	GlobalSection(NestedProjects) = preSolution
		{D99C3608-D607-44D3-9B80-EF7BC3762E8A} = {C0B455EE-4E9E-4547-8F54-392AAD01B704}
		{0EABD2EE-EF9F-47D6-B960-B2BC9A4C8561} = {C0B455EE-4E9E-4547-8F54-392AAD01B704}
	EndGlobalSection
	GlobalSection(ExtensibilityGlobals) = postSolution
		SolutionGuid = {D020DB1E-F8D3-4BA5-9375-22ECC3BC8678}
	EndGlobalSection
EndGlobal
