Microsoft Visual Studio Solution File, Format Version 11.00
# Visual Studio 2010
Project("{8BC9CEB8-8B4A-11D0-8D11-00A0C91BC942}") = "GameClient", "CustomGameClient\GameClient.vcxproj", "{F0E01B8A-1C93-85CB-693E-B9CA24A27168}"
	ProjectSection(ProjectDependencies) = postProject
		{4E768DEE-319A-43AB-8D52-7079E270D91C} = {4E768DEE-319A-43AB-8D52-7079E270D91C}
	EndProjectSection
EndProject
Project("{8BC9CEB8-8B4A-11D0-8D11-00A0C91BC942}") = "Core", "Core\Core.vcxproj", "{4E768DEE-319A-43AB-8D52-7079E270D91C}"
	ProjectSection(ProjectDependencies) = postProject
		{9187FA7C-47D1-416A-9066-8B214753A249} = {9187FA7C-47D1-416A-9066-8B214753A249}
	EndProjectSection
EndProject
Project("{8BC9CEB8-8B4A-11D0-8D11-00A0C91BC942}") = "DedicatedServer", "CustomDedicatedServer\DedicatedServer.vcxproj", "{0E31C912-0CD4-4EB2-9A99-524178B10E48}"
	ProjectSection(ProjectDependencies) = postProject
		{4E768DEE-319A-43AB-8D52-7079E270D91C} = {4E768DEE-319A-43AB-8D52-7079E270D91C}
	EndProjectSection
EndProject
Project("{8BC9CEB8-8B4A-11D0-8D11-00A0C91BC942}") = "ExtensionSample", "Extensions\Sample\PluginModule.vcxproj", "{5D8EBD18-915D-4A91-A2FF-4CD988C7C399}"
	ProjectSection(ProjectDependencies) = postProject
		{4E768DEE-319A-43AB-8D52-7079E270D91C} = {4E768DEE-319A-43AB-8D52-7079E270D91C}
	EndProjectSection
EndProject
Project("{8BC9CEB8-8B4A-11D0-8D11-00A0C91BC942}") = "EngineGUI", "CustomEngineGUI\EngineGUI.vcxproj", "{5DD7A05E-73EC-46F5-ABC1-A5CFECE7D306}"
	ProjectSection(ProjectDependencies) = postProject
		{4E768DEE-319A-43AB-8D52-7079E270D91C} = {4E768DEE-319A-43AB-8D52-7079E270D91C}
	EndProjectSection
EndProject
Project("{2150E333-8FDC-42A3-9474-1A3956D46DE8}") = "Extensions", "Extensions", "{C0B455EE-4E9E-4547-8F54-392AAD01B704}"
EndProject
Project("{8BC9CEB8-8B4A-11D0-8D11-00A0C91BC942}") = "LocalCheats", "Extensions\LocalCheats\LocalCheats.vcxproj", "{D99C3608-D607-44D3-9B80-EF7BC3762E8A}"
	ProjectSection(ProjectDependencies) = postProject
		{4E768DEE-319A-43AB-8D52-7079E270D91C} = {4E768DEE-319A-43AB-8D52-7079E270D91C}
	EndProjectSection
EndProject
Project("{8BC9CEB8-8B4A-11D0-8D11-00A0C91BC942}") = "Accessibility", "Extensions\Accessibility\Accessibility.vcxproj", "{0EABD2EE-EF9F-47D6-B960-B2BC9A4C8561}"
	ProjectSection(ProjectDependencies) = postProject
		{4E768DEE-319A-43AB-8D52-7079E270D91C} = {4E768DEE-319A-43AB-8D52-7079E270D91C}
	EndProjectSection
EndProject
Project("{8BC9CEB8-8B4A-11D0-8D11-00A0C91BC942}") = "ServerUtilities", "Extensions\ServerUtilities\ServerUtilities.vcxproj", "{76F38908-49C8-4F5A-9ABA-ED1A0B89448A}"
	ProjectSection(ProjectDependencies) = postProject
		{4E768DEE-319A-43AB-8D52-7079E270D91C} = {4E768DEE-319A-43AB-8D52-7079E270D91C}
	EndProjectSection
EndProject
Project("{8BC9CEB8-8B4A-11D0-8D11-00A0C91BC942}") = "WorldEditor", "CustomWorldEditor\WorldEditor.vcxproj", "{DC47DA88-14E2-0634-61C5-7CEEC46A45C2}"
	ProjectSection(ProjectDependencies) = postProject
		{5DD7A05E-73EC-46F5-ABC1-A5CFECE7D306} = {5DD7A05E-73EC-46F5-ABC1-A5CFECE7D306}
		{4E768DEE-319A-43AB-8D52-7079E270D91C} = {4E768DEE-319A-43AB-8D52-7079E270D91C}
	EndProjectSection
EndProject
Project("{2150E333-8FDC-42A3-9474-1A3956D46DE8}") = "Extras", "Extras", "{9DDFB1B8-98C8-4626-AE21-078D811FBA89}"
EndProject
Project("{8BC9CEB8-8B4A-11D0-8D11-00A0C91BC942}") = "zlib", "Extras\zlib\zlib.vcxproj", "{9187FA7C-47D1-416A-9066-8B214753A249}"
EndProject
Project("{8BC9CEB8-8B4A-11D0-8D11-00A0C91BC942}") = "Shaders", "CustomShaders\Shaders.vcxproj", "{B4D2AF41-7034-490F-B7DD-D446A8B593BF}"
	ProjectSection(ProjectDependencies) = postProject
		{4E768DEE-319A-43AB-8D52-7079E270D91C} = {4E768DEE-319A-43AB-8D52-7079E270D91C}
	EndProjectSection
EndProject
Project("{8BC9CEB8-8B4A-11D0-8D11-00A0C91BC942}") = "AdvancedHUD", "Extensions\AdvancedHUD\AdvancedHUD.vcxproj", "{2376973F-8EF0-47C5-B517-D5647E07FAF7}"
	ProjectSection(ProjectDependencies) = postProject
		{4E768DEE-319A-43AB-8D52-7079E270D91C} = {4E768DEE-319A-43AB-8D52-7079E270D91C}
	EndProjectSection
EndProject
Project("{2150E333-8FDC-42A3-9474-1A3956D46DE8}") = "CustomMod", "CustomMod", "{EA5B1335-37A6-438F-BBF0-6E72A17F2E70}"
EndProject
Project("{8BC9CEB8-8B4A-11D0-8D11-00A0C91BC942}") = "EntitiesTSE", "CustomMod\EntitiesTSE\EntitiesTSE.vcxproj", "{D9F67AA1-970A-BFDD-6BE9-BD0CDCE98A10}"
	ProjectSection(ProjectDependencies) = postProject
		{4E768DEE-319A-43AB-8D52-7079E270D91C} = {4E768DEE-319A-43AB-8D52-7079E270D91C}
	EndProjectSection
EndProject
Project("{8BC9CEB8-8B4A-11D0-8D11-00A0C91BC942}") = "Game", "CustomMod\Game\Game.vcxproj", "{4410EEB1-AFAD-A936-2168-716C245D36D5}"
	ProjectSection(ProjectDependencies) = postProject
		{13B46303-3742-4CF4-8B26-845FA2910B2B} = {13B46303-3742-4CF4-8B26-845FA2910B2B}
		{D9F67AA1-970A-BFDD-6BE9-BD0CDCE98A10} = {D9F67AA1-970A-BFDD-6BE9-BD0CDCE98A10}
		{4E768DEE-319A-43AB-8D52-7079E270D91C} = {4E768DEE-319A-43AB-8D52-7079E270D91C}
	EndProjectSection
EndProject
Project("{8BC9CEB8-8B4A-11D0-8D11-00A0C91BC942}") = "GameGUI", "CustomMod\GameGUI\GameGUI.vcxproj", "{3EC2357F-FA36-9DF7-FFC4-AF9C03777DBE}"
	ProjectSection(ProjectDependencies) = postProject
		{5DD7A05E-73EC-46F5-ABC1-A5CFECE7D306} = {5DD7A05E-73EC-46F5-ABC1-A5CFECE7D306}
		{4410EEB1-AFAD-A936-2168-716C245D36D5} = {4410EEB1-AFAD-A936-2168-716C245D36D5}
		{4E768DEE-319A-43AB-8D52-7079E270D91C} = {4E768DEE-319A-43AB-8D52-7079E270D91C}
	EndProjectSection
EndProject
Project("{8BC9CEB8-8B4A-11D0-8D11-00A0C91BC942}") = "EntitiesTFE", "CustomMod\EntitiesTFE\EntitiesTFE.vcxproj", "{13B46303-3742-4CF4-8B26-845FA2910B2B}"
	ProjectSection(ProjectDependencies) = postProject
		{4E768DEE-319A-43AB-8D52-7079E270D91C} = {4E768DEE-319A-43AB-8D52-7079E270D91C}
	EndProjectSection
EndProject
Project("{8BC9CEB8-8B4A-11D0-8D11-00A0C91BC942}") = "ExtraEntities", "CustomMod\ExtraEntities\ExtraEntities.vcxproj", "{87F87631-985B-4E27-B4CF-95BAD39BFFA3}"
	ProjectSection(ProjectDependencies) = postProject
		{13B46303-3742-4CF4-8B26-845FA2910B2B} = {13B46303-3742-4CF4-8B26-845FA2910B2B}
		{D9F67AA1-970A-BFDD-6BE9-BD0CDCE98A10} = {D9F67AA1-970A-BFDD-6BE9-BD0CDCE98A10}
		{4E768DEE-319A-43AB-8D52-7079E270D91C} = {4E768DEE-319A-43AB-8D52-7079E270D91C}
	EndProjectSection
EndProject
Project("{2150E333-8FDC-42A3-9474-1A3956D46DE8}") = "API", "API", "{88EB707F-1923-4FEF-82B1-2BE9DC66F864}"
	ProjectSection(SolutionItems) = preProject
		API\include\classicspatch_api.h = API\include\classicspatch_api.h
		API\include\classicspatch_common.h = API\include\classicspatch_common.h
		API\include\extensiontypes.h = API\include\extensiontypes.h
		API\include\extpackets.h = API\include\extpackets.h
		API\include\functionpatches.h = API\include\functionpatches.h
		API\include\ichat.h = API\include\ichat.h
		API\include\iconfig.h = API\include\iconfig.h
		API\include\icore.h = API\include\icore.h
		API\include\iextensions.h = API\include\iextensions.h
		API\include\igame.h = API\include\igame.h
		API\include\imoddata.h = API\include\imoddata.h
		API\include\iplugins.h = API\include\iplugins.h
		API\include\plugineventfunctions.h = API\include\plugineventfunctions.h
		API\include\pluginevents.h = API\include\pluginevents.h
		API\include\plugintypes.h = API\include\plugintypes.h
	EndProjectSection
EndProject
Project("{8BC9CEB8-8B4A-11D0-8D11-00A0C91BC942}") = "ExtendedInput", "Extensions\ExtendedInput\ExtendedInput.vcxproj", "{FDB3F925-B0E9-41C2-82E3-CEF22EA22F63}"
	ProjectSection(ProjectDependencies) = postProject
		{4E768DEE-319A-43AB-8D52-7079E270D91C} = {4E768DEE-319A-43AB-8D52-7079E270D91C}
	EndProjectSection
EndProject
Project("{8BC9CEB8-8B4A-11D0-8D11-00A0C91BC942}") = "WorldConverters", "Extensions\WorldConverters\WorldConverters.vcxproj", "{E6BD3490-574E-4CEF-BE35-09328265684A}"
	ProjectSection(ProjectDependencies) = postProject
		{4E768DEE-319A-43AB-8D52-7079E270D91C} = {4E768DEE-319A-43AB-8D52-7079E270D91C}
	EndProjectSection
EndProject
Project("{8BC9CEB8-8B4A-11D0-8D11-00A0C91BC942}") = "sqstdlib", "Extras\squirrel3\sqstdlib\sqstdlib.vcxproj", "{BA45EAF3-9A63-4C35-86F4-979522D839D5}"
	ProjectSection(ProjectDependencies) = postProject
		{49E900E8-52F2-489B-89CB-E02FF05B69D9} = {49E900E8-52F2-489B-89CB-E02FF05B69D9}
	EndProjectSection
EndProject
Project("{8BC9CEB8-8B4A-11D0-8D11-00A0C91BC942}") = "squirrel", "Extras\squirrel3\squirrel\squirrel.vcxproj", "{49E900E8-52F2-489B-89CB-E02FF05B69D9}"
EndProject
Project("{8BC9CEB8-8B4A-11D0-8D11-00A0C91BC942}") = "ScriptingEngine", "Extensions\ScriptingEngine\ScriptingEngine.vcxproj", "{461CDB94-D2C7-4331-AE3D-880F9513E7BE}"
	ProjectSection(ProjectDependencies) = postProject
		{4E768DEE-319A-43AB-8D52-7079E270D91C} = {4E768DEE-319A-43AB-8D52-7079E270D91C}
	EndProjectSection
EndProject
Global
	GlobalSection(SolutionConfigurationPlatforms) = preSolution
		Debug_TSE107|x86 = Debug_TSE107|x86
		Release_SSR110|x86 = Release_SSR110|x86
		Release_TFE105|x86 = Release_TFE105|x86
		Release_TSE105|x86 = Release_TSE105|x86
		Release_TSE107|x86 = Release_TSE107|x86
		Release_TSE110|x86 = Release_TSE110|x86
	EndGlobalSection
	GlobalSection(ProjectConfigurationPlatforms) = postSolution
		{F0E01B8A-1C93-85CB-693E-B9CA24A27168}.Debug_TSE107|x86.ActiveCfg = Debug_TSE107|Win32
		{F0E01B8A-1C93-85CB-693E-B9CA24A27168}.Debug_TSE107|x86.Build.0 = Debug_TSE107|Win32
		{F0E01B8A-1C93-85CB-693E-B9CA24A27168}.Release_SSR110|x86.ActiveCfg = Release_SSR110|Win32
		{F0E01B8A-1C93-85CB-693E-B9CA24A27168}.Release_SSR110|x86.Build.0 = Release_SSR110|Win32
		{F0E01B8A-1C93-85CB-693E-B9CA24A27168}.Release_TFE105|x86.ActiveCfg = Release_TFE105|Win32
		{F0E01B8A-1C93-85CB-693E-B9CA24A27168}.Release_TFE105|x86.Build.0 = Release_TFE105|Win32
		{F0E01B8A-1C93-85CB-693E-B9CA24A27168}.Release_TSE105|x86.ActiveCfg = Release_TSE105|Win32
		{F0E01B8A-1C93-85CB-693E-B9CA24A27168}.Release_TSE105|x86.Build.0 = Release_TSE105|Win32
		{F0E01B8A-1C93-85CB-693E-B9CA24A27168}.Release_TSE107|x86.ActiveCfg = Release_TSE107|Win32
		{F0E01B8A-1C93-85CB-693E-B9CA24A27168}.Release_TSE107|x86.Build.0 = Release_TSE107|Win32
		{F0E01B8A-1C93-85CB-693E-B9CA24A27168}.Release_TSE110|x86.ActiveCfg = Release_TSE110|Win32
		{F0E01B8A-1C93-85CB-693E-B9CA24A27168}.Release_TSE110|x86.Build.0 = Release_TSE110|Win32
		{4E768DEE-319A-43AB-8D52-7079E270D91C}.Debug_TSE107|x86.ActiveCfg = Debug_TSE107|Win32
		{4E768DEE-319A-43AB-8D52-7079E270D91C}.Debug_TSE107|x86.Build.0 = Debug_TSE107|Win32
		{4E768DEE-319A-43AB-8D52-7079E270D91C}.Release_SSR110|x86.ActiveCfg = Release_SSR110|Win32
		{4E768DEE-319A-43AB-8D52-7079E270D91C}.Release_SSR110|x86.Build.0 = Release_SSR110|Win32
		{4E768DEE-319A-43AB-8D52-7079E270D91C}.Release_TFE105|x86.ActiveCfg = Release_TFE105|Win32
		{4E768DEE-319A-43AB-8D52-7079E270D91C}.Release_TFE105|x86.Build.0 = Release_TFE105|Win32
		{4E768DEE-319A-43AB-8D52-7079E270D91C}.Release_TSE105|x86.ActiveCfg = Release_TSE105|Win32
		{4E768DEE-319A-43AB-8D52-7079E270D91C}.Release_TSE105|x86.Build.0 = Release_TSE105|Win32
		{4E768DEE-319A-43AB-8D52-7079E270D91C}.Release_TSE107|x86.ActiveCfg = Release_TSE107|Win32
		{4E768DEE-319A-43AB-8D52-7079E270D91C}.Release_TSE107|x86.Build.0 = Release_TSE107|Win32
		{4E768DEE-319A-43AB-8D52-7079E270D91C}.Release_TSE110|x86.ActiveCfg = Release_TSE110|Win32
		{4E768DEE-319A-43AB-8D52-7079E270D91C}.Release_TSE110|x86.Build.0 = Release_TSE110|Win32
		{0E31C912-0CD4-4EB2-9A99-524178B10E48}.Debug_TSE107|x86.ActiveCfg = Debug_TSE107|Win32
		{0E31C912-0CD4-4EB2-9A99-524178B10E48}.Debug_TSE107|x86.Build.0 = Debug_TSE107|Win32
		{0E31C912-0CD4-4EB2-9A99-524178B10E48}.Release_SSR110|x86.ActiveCfg = Release_SSR110|Win32
		{0E31C912-0CD4-4EB2-9A99-524178B10E48}.Release_SSR110|x86.Build.0 = Release_SSR110|Win32
		{0E31C912-0CD4-4EB2-9A99-524178B10E48}.Release_TFE105|x86.ActiveCfg = Release_TFE105|Win32
		{0E31C912-0CD4-4EB2-9A99-524178B10E48}.Release_TFE105|x86.Build.0 = Release_TFE105|Win32
		{0E31C912-0CD4-4EB2-9A99-524178B10E48}.Release_TSE105|x86.ActiveCfg = Release_TSE105|Win32
		{0E31C912-0CD4-4EB2-9A99-524178B10E48}.Release_TSE105|x86.Build.0 = Release_TSE105|Win32
		{0E31C912-0CD4-4EB2-9A99-524178B10E48}.Release_TSE107|x86.ActiveCfg = Release_TSE107|Win32
		{0E31C912-0CD4-4EB2-9A99-524178B10E48}.Release_TSE107|x86.Build.0 = Release_TSE107|Win32
		{0E31C912-0CD4-4EB2-9A99-524178B10E48}.Release_TSE110|x86.ActiveCfg = Release_TSE110|Win32
		{0E31C912-0CD4-4EB2-9A99-524178B10E48}.Release_TSE110|x86.Build.0 = Release_TSE110|Win32
		{5D8EBD18-915D-4A91-A2FF-4CD988C7C399}.Debug_TSE107|x86.ActiveCfg = Debug_TSE107|Win32
		{5D8EBD18-915D-4A91-A2FF-4CD988C7C399}.Debug_TSE107|x86.Build.0 = Debug_TSE107|Win32
		{5D8EBD18-915D-4A91-A2FF-4CD988C7C399}.Release_SSR110|x86.ActiveCfg = Release_SSR110|Win32
		{5D8EBD18-915D-4A91-A2FF-4CD988C7C399}.Release_SSR110|x86.Build.0 = Release_SSR110|Win32
		{5D8EBD18-915D-4A91-A2FF-4CD988C7C399}.Release_TFE105|x86.ActiveCfg = Release_TFE105|Win32
		{5D8EBD18-915D-4A91-A2FF-4CD988C7C399}.Release_TFE105|x86.Build.0 = Release_TFE105|Win32
		{5D8EBD18-915D-4A91-A2FF-4CD988C7C399}.Release_TSE105|x86.ActiveCfg = Release_TSE105|Win32
		{5D8EBD18-915D-4A91-A2FF-4CD988C7C399}.Release_TSE105|x86.Build.0 = Release_TSE105|Win32
		{5D8EBD18-915D-4A91-A2FF-4CD988C7C399}.Release_TSE107|x86.ActiveCfg = Release_TSE107|Win32
		{5D8EBD18-915D-4A91-A2FF-4CD988C7C399}.Release_TSE107|x86.Build.0 = Release_TSE107|Win32
		{5D8EBD18-915D-4A91-A2FF-4CD988C7C399}.Release_TSE110|x86.ActiveCfg = Release_TSE110|Win32
		{5D8EBD18-915D-4A91-A2FF-4CD988C7C399}.Release_TSE110|x86.Build.0 = Release_TSE110|Win32
		{5DD7A05E-73EC-46F5-ABC1-A5CFECE7D306}.Debug_TSE107|x86.ActiveCfg = Debug_TSE107|Win32
		{5DD7A05E-73EC-46F5-ABC1-A5CFECE7D306}.Debug_TSE107|x86.Build.0 = Debug_TSE107|Win32
		{5DD7A05E-73EC-46F5-ABC1-A5CFECE7D306}.Release_SSR110|x86.ActiveCfg = Release_SSR110|Win32
		{5DD7A05E-73EC-46F5-ABC1-A5CFECE7D306}.Release_SSR110|x86.Build.0 = Release_SSR110|Win32
		{5DD7A05E-73EC-46F5-ABC1-A5CFECE7D306}.Release_TFE105|x86.ActiveCfg = Release_TFE105|Win32
		{5DD7A05E-73EC-46F5-ABC1-A5CFECE7D306}.Release_TFE105|x86.Build.0 = Release_TFE105|Win32
		{5DD7A05E-73EC-46F5-ABC1-A5CFECE7D306}.Release_TSE105|x86.ActiveCfg = Release_TSE105|Win32
		{5DD7A05E-73EC-46F5-ABC1-A5CFECE7D306}.Release_TSE105|x86.Build.0 = Release_TSE105|Win32
		{5DD7A05E-73EC-46F5-ABC1-A5CFECE7D306}.Release_TSE107|x86.ActiveCfg = Release_TSE107|Win32
		{5DD7A05E-73EC-46F5-ABC1-A5CFECE7D306}.Release_TSE107|x86.Build.0 = Release_TSE107|Win32
		{5DD7A05E-73EC-46F5-ABC1-A5CFECE7D306}.Release_TSE110|x86.ActiveCfg = Release_TSE110|Win32
		{5DD7A05E-73EC-46F5-ABC1-A5CFECE7D306}.Release_TSE110|x86.Build.0 = Release_TSE110|Win32
		{D99C3608-D607-44D3-9B80-EF7BC3762E8A}.Debug_TSE107|x86.ActiveCfg = Debug_TSE107|Win32
		{D99C3608-D607-44D3-9B80-EF7BC3762E8A}.Debug_TSE107|x86.Build.0 = Debug_TSE107|Win32
		{D99C3608-D607-44D3-9B80-EF7BC3762E8A}.Release_SSR110|x86.ActiveCfg = Release_SSR110|Win32
		{D99C3608-D607-44D3-9B80-EF7BC3762E8A}.Release_SSR110|x86.Build.0 = Release_SSR110|Win32
		{D99C3608-D607-44D3-9B80-EF7BC3762E8A}.Release_TFE105|x86.ActiveCfg = Release_TFE105|Win32
		{D99C3608-D607-44D3-9B80-EF7BC3762E8A}.Release_TFE105|x86.Build.0 = Release_TFE105|Win32
		{D99C3608-D607-44D3-9B80-EF7BC3762E8A}.Release_TSE105|x86.ActiveCfg = Release_TSE105|Win32
		{D99C3608-D607-44D3-9B80-EF7BC3762E8A}.Release_TSE105|x86.Build.0 = Release_TSE105|Win32
		{D99C3608-D607-44D3-9B80-EF7BC3762E8A}.Release_TSE107|x86.ActiveCfg = Release_TSE107|Win32
		{D99C3608-D607-44D3-9B80-EF7BC3762E8A}.Release_TSE107|x86.Build.0 = Release_TSE107|Win32
		{D99C3608-D607-44D3-9B80-EF7BC3762E8A}.Release_TSE110|x86.ActiveCfg = Release_TSE110|Win32
		{D99C3608-D607-44D3-9B80-EF7BC3762E8A}.Release_TSE110|x86.Build.0 = Release_TSE110|Win32
		{0EABD2EE-EF9F-47D6-B960-B2BC9A4C8561}.Debug_TSE107|x86.ActiveCfg = Debug_TSE107|Win32
		{0EABD2EE-EF9F-47D6-B960-B2BC9A4C8561}.Debug_TSE107|x86.Build.0 = Debug_TSE107|Win32
		{0EABD2EE-EF9F-47D6-B960-B2BC9A4C8561}.Release_SSR110|x86.ActiveCfg = Release_SSR110|Win32
		{0EABD2EE-EF9F-47D6-B960-B2BC9A4C8561}.Release_SSR110|x86.Build.0 = Release_SSR110|Win32
		{0EABD2EE-EF9F-47D6-B960-B2BC9A4C8561}.Release_TFE105|x86.ActiveCfg = Release_TFE105|Win32
		{0EABD2EE-EF9F-47D6-B960-B2BC9A4C8561}.Release_TFE105|x86.Build.0 = Release_TFE105|Win32
		{0EABD2EE-EF9F-47D6-B960-B2BC9A4C8561}.Release_TSE105|x86.ActiveCfg = Release_TSE105|Win32
		{0EABD2EE-EF9F-47D6-B960-B2BC9A4C8561}.Release_TSE105|x86.Build.0 = Release_TSE105|Win32
		{0EABD2EE-EF9F-47D6-B960-B2BC9A4C8561}.Release_TSE107|x86.ActiveCfg = Release_TSE107|Win32
		{0EABD2EE-EF9F-47D6-B960-B2BC9A4C8561}.Release_TSE107|x86.Build.0 = Release_TSE107|Win32
		{0EABD2EE-EF9F-47D6-B960-B2BC9A4C8561}.Release_TSE110|x86.ActiveCfg = Release_TSE110|Win32
		{0EABD2EE-EF9F-47D6-B960-B2BC9A4C8561}.Release_TSE110|x86.Build.0 = Release_TSE110|Win32
		{76F38908-49C8-4F5A-9ABA-ED1A0B89448A}.Debug_TSE107|x86.ActiveCfg = Debug_TSE107|Win32
		{76F38908-49C8-4F5A-9ABA-ED1A0B89448A}.Debug_TSE107|x86.Build.0 = Debug_TSE107|Win32
		{76F38908-49C8-4F5A-9ABA-ED1A0B89448A}.Release_SSR110|x86.ActiveCfg = Release_SSR110|Win32
		{76F38908-49C8-4F5A-9ABA-ED1A0B89448A}.Release_SSR110|x86.Build.0 = Release_SSR110|Win32
		{76F38908-49C8-4F5A-9ABA-ED1A0B89448A}.Release_TFE105|x86.ActiveCfg = Release_TFE105|Win32
		{76F38908-49C8-4F5A-9ABA-ED1A0B89448A}.Release_TFE105|x86.Build.0 = Release_TFE105|Win32
		{76F38908-49C8-4F5A-9ABA-ED1A0B89448A}.Release_TSE105|x86.ActiveCfg = Release_TSE105|Win32
		{76F38908-49C8-4F5A-9ABA-ED1A0B89448A}.Release_TSE105|x86.Build.0 = Release_TSE105|Win32
		{76F38908-49C8-4F5A-9ABA-ED1A0B89448A}.Release_TSE107|x86.ActiveCfg = Release_TSE107|Win32
		{76F38908-49C8-4F5A-9ABA-ED1A0B89448A}.Release_TSE107|x86.Build.0 = Release_TSE107|Win32
		{76F38908-49C8-4F5A-9ABA-ED1A0B89448A}.Release_TSE110|x86.ActiveCfg = Release_TSE110|Win32
		{76F38908-49C8-4F5A-9ABA-ED1A0B89448A}.Release_TSE110|x86.Build.0 = Release_TSE110|Win32
		{DC47DA88-14E2-0634-61C5-7CEEC46A45C2}.Debug_TSE107|x86.ActiveCfg = Debug_TSE107|Win32
		{DC47DA88-14E2-0634-61C5-7CEEC46A45C2}.Debug_TSE107|x86.Build.0 = Debug_TSE107|Win32
		{DC47DA88-14E2-0634-61C5-7CEEC46A45C2}.Release_SSR110|x86.ActiveCfg = Release_SSR110|Win32
		{DC47DA88-14E2-0634-61C5-7CEEC46A45C2}.Release_SSR110|x86.Build.0 = Release_SSR110|Win32
		{DC47DA88-14E2-0634-61C5-7CEEC46A45C2}.Release_TFE105|x86.ActiveCfg = Release_TFE105|Win32
		{DC47DA88-14E2-0634-61C5-7CEEC46A45C2}.Release_TFE105|x86.Build.0 = Release_TFE105|Win32
		{DC47DA88-14E2-0634-61C5-7CEEC46A45C2}.Release_TSE105|x86.ActiveCfg = Release_TSE105|Win32
		{DC47DA88-14E2-0634-61C5-7CEEC46A45C2}.Release_TSE105|x86.Build.0 = Release_TSE105|Win32
		{DC47DA88-14E2-0634-61C5-7CEEC46A45C2}.Release_TSE107|x86.ActiveCfg = Release_TSE107|Win32
		{DC47DA88-14E2-0634-61C5-7CEEC46A45C2}.Release_TSE107|x86.Build.0 = Release_TSE107|Win32
		{DC47DA88-14E2-0634-61C5-7CEEC46A45C2}.Release_TSE110|x86.ActiveCfg = Release_TSE110|Win32
		{DC47DA88-14E2-0634-61C5-7CEEC46A45C2}.Release_TSE110|x86.Build.0 = Release_TSE110|Win32
		{9187FA7C-47D1-416A-9066-8B214753A249}.Debug_TSE107|x86.ActiveCfg = Debug_TSE107|Win32
		{9187FA7C-47D1-416A-9066-8B214753A249}.Debug_TSE107|x86.Build.0 = Debug_TSE107|Win32
		{9187FA7C-47D1-416A-9066-8B214753A249}.Release_SSR110|x86.ActiveCfg = Release_SSR110|Win32
		{9187FA7C-47D1-416A-9066-8B214753A249}.Release_SSR110|x86.Build.0 = Release_SSR110|Win32
		{9187FA7C-47D1-416A-9066-8B214753A249}.Release_TFE105|x86.ActiveCfg = Release_TFE105|Win32
		{9187FA7C-47D1-416A-9066-8B214753A249}.Release_TFE105|x86.Build.0 = Release_TFE105|Win32
		{9187FA7C-47D1-416A-9066-8B214753A249}.Release_TSE105|x86.ActiveCfg = Release_TSE105|Win32
		{9187FA7C-47D1-416A-9066-8B214753A249}.Release_TSE105|x86.Build.0 = Release_TSE105|Win32
		{9187FA7C-47D1-416A-9066-8B214753A249}.Release_TSE107|x86.ActiveCfg = Release_TSE107|Win32
		{9187FA7C-47D1-416A-9066-8B214753A249}.Release_TSE107|x86.Build.0 = Release_TSE107|Win32
		{9187FA7C-47D1-416A-9066-8B214753A249}.Release_TSE110|x86.ActiveCfg = Release_TSE110|Win32
		{9187FA7C-47D1-416A-9066-8B214753A249}.Release_TSE110|x86.Build.0 = Release_TSE110|Win32
		{B4D2AF41-7034-490F-B7DD-D446A8B593BF}.Debug_TSE107|x86.ActiveCfg = Debug_TSE107|Win32
		{B4D2AF41-7034-490F-B7DD-D446A8B593BF}.Debug_TSE107|x86.Build.0 = Debug_TSE107|Win32
		{B4D2AF41-7034-490F-B7DD-D446A8B593BF}.Release_SSR110|x86.ActiveCfg = Release_SSR110|Win32
		{B4D2AF41-7034-490F-B7DD-D446A8B593BF}.Release_SSR110|x86.Build.0 = Release_SSR110|Win32
		{B4D2AF41-7034-490F-B7DD-D446A8B593BF}.Release_TFE105|x86.ActiveCfg = Release_TFE105|Win32
		{B4D2AF41-7034-490F-B7DD-D446A8B593BF}.Release_TSE105|x86.ActiveCfg = Release_TSE105|Win32
		{B4D2AF41-7034-490F-B7DD-D446A8B593BF}.Release_TSE107|x86.ActiveCfg = Release_TSE107|Win32
		{B4D2AF41-7034-490F-B7DD-D446A8B593BF}.Release_TSE107|x86.Build.0 = Release_TSE107|Win32
		{B4D2AF41-7034-490F-B7DD-D446A8B593BF}.Release_TSE110|x86.ActiveCfg = Release_TSE110|Win32
		{B4D2AF41-7034-490F-B7DD-D446A8B593BF}.Release_TSE110|x86.Build.0 = Release_TSE110|Win32
		{2376973F-8EF0-47C5-B517-D5647E07FAF7}.Debug_TSE107|x86.ActiveCfg = Debug_TSE107|Win32
		{2376973F-8EF0-47C5-B517-D5647E07FAF7}.Debug_TSE107|x86.Build.0 = Debug_TSE107|Win32
		{2376973F-8EF0-47C5-B517-D5647E07FAF7}.Release_SSR110|x86.ActiveCfg = Release_SSR110|Win32
		{2376973F-8EF0-47C5-B517-D5647E07FAF7}.Release_SSR110|x86.Build.0 = Release_SSR110|Win32
		{2376973F-8EF0-47C5-B517-D5647E07FAF7}.Release_TFE105|x86.ActiveCfg = Release_TFE105|Win32
		{2376973F-8EF0-47C5-B517-D5647E07FAF7}.Release_TFE105|x86.Build.0 = Release_TFE105|Win32
		{2376973F-8EF0-47C5-B517-D5647E07FAF7}.Release_TSE105|x86.ActiveCfg = Release_TSE105|Win32
		{2376973F-8EF0-47C5-B517-D5647E07FAF7}.Release_TSE105|x86.Build.0 = Release_TSE105|Win32
		{2376973F-8EF0-47C5-B517-D5647E07FAF7}.Release_TSE107|x86.ActiveCfg = Release_TSE107|Win32
		{2376973F-8EF0-47C5-B517-D5647E07FAF7}.Release_TSE107|x86.Build.0 = Release_TSE107|Win32
		{2376973F-8EF0-47C5-B517-D5647E07FAF7}.Release_TSE110|x86.ActiveCfg = Release_TSE110|Win32
		{2376973F-8EF0-47C5-B517-D5647E07FAF7}.Release_TSE110|x86.Build.0 = Release_TSE110|Win32
		{D9F67AA1-970A-BFDD-6BE9-BD0CDCE98A10}.Debug_TSE107|x86.ActiveCfg = Debug_TSE107|Win32
		{D9F67AA1-970A-BFDD-6BE9-BD0CDCE98A10}.Debug_TSE107|x86.Build.0 = Debug_TSE107|Win32
		{D9F67AA1-970A-BFDD-6BE9-BD0CDCE98A10}.Release_SSR110|x86.ActiveCfg = Release_SSR110|Win32
		{D9F67AA1-970A-BFDD-6BE9-BD0CDCE98A10}.Release_SSR110|x86.Build.0 = Release_SSR110|Win32
		{D9F67AA1-970A-BFDD-6BE9-BD0CDCE98A10}.Release_TFE105|x86.ActiveCfg = Release_TFE105|Win32
		{D9F67AA1-970A-BFDD-6BE9-BD0CDCE98A10}.Release_TSE105|x86.ActiveCfg = Release_TSE105|Win32
		{D9F67AA1-970A-BFDD-6BE9-BD0CDCE98A10}.Release_TSE105|x86.Build.0 = Release_TSE105|Win32
		{D9F67AA1-970A-BFDD-6BE9-BD0CDCE98A10}.Release_TSE107|x86.ActiveCfg = Release_TSE107|Win32
		{D9F67AA1-970A-BFDD-6BE9-BD0CDCE98A10}.Release_TSE107|x86.Build.0 = Release_TSE107|Win32
		{D9F67AA1-970A-BFDD-6BE9-BD0CDCE98A10}.Release_TSE110|x86.ActiveCfg = Release_TSE110|Win32
		{D9F67AA1-970A-BFDD-6BE9-BD0CDCE98A10}.Release_TSE110|x86.Build.0 = Release_TSE110|Win32
		{4410EEB1-AFAD-A936-2168-716C245D36D5}.Debug_TSE107|x86.ActiveCfg = Debug_TSE107|Win32
		{4410EEB1-AFAD-A936-2168-716C245D36D5}.Debug_TSE107|x86.Build.0 = Debug_TSE107|Win32
		{4410EEB1-AFAD-A936-2168-716C245D36D5}.Release_SSR110|x86.ActiveCfg = Release_SSR110|Win32
		{4410EEB1-AFAD-A936-2168-716C245D36D5}.Release_SSR110|x86.Build.0 = Release_SSR110|Win32
		{4410EEB1-AFAD-A936-2168-716C245D36D5}.Release_TFE105|x86.ActiveCfg = Release_TFE105|Win32
		{4410EEB1-AFAD-A936-2168-716C245D36D5}.Release_TFE105|x86.Build.0 = Release_TFE105|Win32
		{4410EEB1-AFAD-A936-2168-716C245D36D5}.Release_TSE105|x86.ActiveCfg = Release_TSE105|Win32
		{4410EEB1-AFAD-A936-2168-716C245D36D5}.Release_TSE105|x86.Build.0 = Release_TSE105|Win32
		{4410EEB1-AFAD-A936-2168-716C245D36D5}.Release_TSE107|x86.ActiveCfg = Release_TSE107|Win32
		{4410EEB1-AFAD-A936-2168-716C245D36D5}.Release_TSE107|x86.Build.0 = Release_TSE107|Win32
		{4410EEB1-AFAD-A936-2168-716C245D36D5}.Release_TSE110|x86.ActiveCfg = Release_TSE110|Win32
		{4410EEB1-AFAD-A936-2168-716C245D36D5}.Release_TSE110|x86.Build.0 = Release_TSE110|Win32
		{3EC2357F-FA36-9DF7-FFC4-AF9C03777DBE}.Debug_TSE107|x86.ActiveCfg = Debug_TSE107|Win32
		{3EC2357F-FA36-9DF7-FFC4-AF9C03777DBE}.Debug_TSE107|x86.Build.0 = Debug_TSE107|Win32
		{3EC2357F-FA36-9DF7-FFC4-AF9C03777DBE}.Release_SSR110|x86.ActiveCfg = Release_SSR110|Win32
		{3EC2357F-FA36-9DF7-FFC4-AF9C03777DBE}.Release_SSR110|x86.Build.0 = Release_SSR110|Win32
		{3EC2357F-FA36-9DF7-FFC4-AF9C03777DBE}.Release_TFE105|x86.ActiveCfg = Release_TFE105|Win32
		{3EC2357F-FA36-9DF7-FFC4-AF9C03777DBE}.Release_TFE105|x86.Build.0 = Release_TFE105|Win32
		{3EC2357F-FA36-9DF7-FFC4-AF9C03777DBE}.Release_TSE105|x86.ActiveCfg = Release_TSE105|Win32
		{3EC2357F-FA36-9DF7-FFC4-AF9C03777DBE}.Release_TSE105|x86.Build.0 = Release_TSE105|Win32
		{3EC2357F-FA36-9DF7-FFC4-AF9C03777DBE}.Release_TSE107|x86.ActiveCfg = Release_TSE107|Win32
		{3EC2357F-FA36-9DF7-FFC4-AF9C03777DBE}.Release_TSE107|x86.Build.0 = Release_TSE107|Win32
		{3EC2357F-FA36-9DF7-FFC4-AF9C03777DBE}.Release_TSE110|x86.ActiveCfg = Release_TSE110|Win32
		{3EC2357F-FA36-9DF7-FFC4-AF9C03777DBE}.Release_TSE110|x86.Build.0 = Release_TSE110|Win32
		{13B46303-3742-4CF4-8B26-845FA2910B2B}.Debug_TSE107|x86.ActiveCfg = Debug_TSE107|Win32
		{13B46303-3742-4CF4-8B26-845FA2910B2B}.Release_SSR110|x86.ActiveCfg = Release_SSR110|Win32
		{13B46303-3742-4CF4-8B26-845FA2910B2B}.Release_TFE105|x86.ActiveCfg = Release_TFE105|Win32
		{13B46303-3742-4CF4-8B26-845FA2910B2B}.Release_TFE105|x86.Build.0 = Release_TFE105|Win32
		{13B46303-3742-4CF4-8B26-845FA2910B2B}.Release_TSE105|x86.ActiveCfg = Release_TSE105|Win32
		{13B46303-3742-4CF4-8B26-845FA2910B2B}.Release_TSE107|x86.ActiveCfg = Release_TSE107|Win32
		{13B46303-3742-4CF4-8B26-845FA2910B2B}.Release_TSE110|x86.ActiveCfg = Release_TSE110|Win32
		{87F87631-985B-4E27-B4CF-95BAD39BFFA3}.Debug_TSE107|x86.ActiveCfg = Debug_TSE107|Win32
		{87F87631-985B-4E27-B4CF-95BAD39BFFA3}.Debug_TSE107|x86.Build.0 = Debug_TSE107|Win32
		{87F87631-985B-4E27-B4CF-95BAD39BFFA3}.Release_SSR110|x86.ActiveCfg = Release_SSR110|Win32
		{87F87631-985B-4E27-B4CF-95BAD39BFFA3}.Release_SSR110|x86.Build.0 = Release_SSR110|Win32
		{87F87631-985B-4E27-B4CF-95BAD39BFFA3}.Release_TFE105|x86.ActiveCfg = Release_TFE105|Win32
		{87F87631-985B-4E27-B4CF-95BAD39BFFA3}.Release_TFE105|x86.Build.0 = Release_TFE105|Win32
		{87F87631-985B-4E27-B4CF-95BAD39BFFA3}.Release_TSE105|x86.ActiveCfg = Release_TSE105|Win32
		{87F87631-985B-4E27-B4CF-95BAD39BFFA3}.Release_TSE105|x86.Build.0 = Release_TSE105|Win32
		{87F87631-985B-4E27-B4CF-95BAD39BFFA3}.Release_TSE107|x86.ActiveCfg = Release_TSE107|Win32
		{87F87631-985B-4E27-B4CF-95BAD39BFFA3}.Release_TSE107|x86.Build.0 = Release_TSE107|Win32
		{87F87631-985B-4E27-B4CF-95BAD39BFFA3}.Release_TSE110|x86.ActiveCfg = Release_TSE110|Win32
		{87F87631-985B-4E27-B4CF-95BAD39BFFA3}.Release_TSE110|x86.Build.0 = Release_TSE110|Win32
		{FDB3F925-B0E9-41C2-82E3-CEF22EA22F63}.Debug_TSE107|x86.ActiveCfg = Debug_TSE107|Win32
		{FDB3F925-B0E9-41C2-82E3-CEF22EA22F63}.Debug_TSE107|x86.Build.0 = Debug_TSE107|Win32
		{FDB3F925-B0E9-41C2-82E3-CEF22EA22F63}.Release_SSR110|x86.ActiveCfg = Release_SSR110|Win32
		{FDB3F925-B0E9-41C2-82E3-CEF22EA22F63}.Release_SSR110|x86.Build.0 = Release_SSR110|Win32
		{FDB3F925-B0E9-41C2-82E3-CEF22EA22F63}.Release_TFE105|x86.ActiveCfg = Release_TFE105|Win32
		{FDB3F925-B0E9-41C2-82E3-CEF22EA22F63}.Release_TFE105|x86.Build.0 = Release_TFE105|Win32
		{FDB3F925-B0E9-41C2-82E3-CEF22EA22F63}.Release_TSE105|x86.ActiveCfg = Release_TSE105|Win32
		{FDB3F925-B0E9-41C2-82E3-CEF22EA22F63}.Release_TSE105|x86.Build.0 = Release_TSE105|Win32
		{FDB3F925-B0E9-41C2-82E3-CEF22EA22F63}.Release_TSE107|x86.ActiveCfg = Release_TSE107|Win32
		{FDB3F925-B0E9-41C2-82E3-CEF22EA22F63}.Release_TSE107|x86.Build.0 = Release_TSE107|Win32
		{FDB3F925-B0E9-41C2-82E3-CEF22EA22F63}.Release_TSE110|x86.ActiveCfg = Release_TSE110|Win32
		{FDB3F925-B0E9-41C2-82E3-CEF22EA22F63}.Release_TSE110|x86.Build.0 = Release_TSE110|Win32
		{E6BD3490-574E-4CEF-BE35-09328265684A}.Debug_TSE107|x86.ActiveCfg = Debug_TSE107|Win32
		{E6BD3490-574E-4CEF-BE35-09328265684A}.Debug_TSE107|x86.Build.0 = Debug_TSE107|Win32
		{E6BD3490-574E-4CEF-BE35-09328265684A}.Release_SSR110|x86.ActiveCfg = Release_SSR110|Win32
		{E6BD3490-574E-4CEF-BE35-09328265684A}.Release_SSR110|x86.Build.0 = Release_SSR110|Win32
		{E6BD3490-574E-4CEF-BE35-09328265684A}.Release_TFE105|x86.ActiveCfg = Release_TFE105|Win32
		{E6BD3490-574E-4CEF-BE35-09328265684A}.Release_TFE105|x86.Build.0 = Release_TFE105|Win32
		{E6BD3490-574E-4CEF-BE35-09328265684A}.Release_TSE105|x86.ActiveCfg = Release_TSE105|Win32
		{E6BD3490-574E-4CEF-BE35-09328265684A}.Release_TSE105|x86.Build.0 = Release_TSE105|Win32
		{E6BD3490-574E-4CEF-BE35-09328265684A}.Release_TSE107|x86.ActiveCfg = Release_TSE107|Win32
		{E6BD3490-574E-4CEF-BE35-09328265684A}.Release_TSE107|x86.Build.0 = Release_TSE107|Win32
		{E6BD3490-574E-4CEF-BE35-09328265684A}.Release_TSE110|x86.ActiveCfg = Release_TSE110|Win32
		{E6BD3490-574E-4CEF-BE35-09328265684A}.Release_TSE110|x86.Build.0 = Release_TSE110|Win32
		{BA45EAF3-9A63-4C35-86F4-979522D839D5}.Debug_TSE107|x86.ActiveCfg = Debug_TSE107|Win32
		{BA45EAF3-9A63-4C35-86F4-979522D839D5}.Debug_TSE107|x86.Build.0 = Debug_TSE107|Win32
		{BA45EAF3-9A63-4C35-86F4-979522D839D5}.Release_SSR110|x86.ActiveCfg = Release_SSR110|Win32
		{BA45EAF3-9A63-4C35-86F4-979522D839D5}.Release_SSR110|x86.Build.0 = Release_SSR110|Win32
		{BA45EAF3-9A63-4C35-86F4-979522D839D5}.Release_TFE105|x86.ActiveCfg = Release_TFE105|Win32
		{BA45EAF3-9A63-4C35-86F4-979522D839D5}.Release_TFE105|x86.Build.0 = Release_TFE105|Win32
		{BA45EAF3-9A63-4C35-86F4-979522D839D5}.Release_TSE105|x86.ActiveCfg = Release_TSE105|Win32
		{BA45EAF3-9A63-4C35-86F4-979522D839D5}.Release_TSE105|x86.Build.0 = Release_TSE105|Win32
		{BA45EAF3-9A63-4C35-86F4-979522D839D5}.Release_TSE107|x86.ActiveCfg = Release_TSE107|Win32
		{BA45EAF3-9A63-4C35-86F4-979522D839D5}.Release_TSE107|x86.Build.0 = Release_TSE107|Win32
		{BA45EAF3-9A63-4C35-86F4-979522D839D5}.Release_TSE110|x86.ActiveCfg = Release_TSE110|Win32
		{BA45EAF3-9A63-4C35-86F4-979522D839D5}.Release_TSE110|x86.Build.0 = Release_TSE110|Win32
		{49E900E8-52F2-489B-89CB-E02FF05B69D9}.Debug_TSE107|x86.ActiveCfg = Debug_TSE107|Win32
		{49E900E8-52F2-489B-89CB-E02FF05B69D9}.Debug_TSE107|x86.Build.0 = Debug_TSE107|Win32
		{49E900E8-52F2-489B-89CB-E02FF05B69D9}.Release_SSR110|x86.ActiveCfg = Release_SSR110|Win32
		{49E900E8-52F2-489B-89CB-E02FF05B69D9}.Release_SSR110|x86.Build.0 = Release_SSR110|Win32
		{49E900E8-52F2-489B-89CB-E02FF05B69D9}.Release_TFE105|x86.ActiveCfg = Release_TFE105|Win32
		{49E900E8-52F2-489B-89CB-E02FF05B69D9}.Release_TFE105|x86.Build.0 = Release_TFE105|Win32
		{49E900E8-52F2-489B-89CB-E02FF05B69D9}.Release_TSE105|x86.ActiveCfg = Release_TSE105|Win32
		{49E900E8-52F2-489B-89CB-E02FF05B69D9}.Release_TSE105|x86.Build.0 = Release_TSE105|Win32
		{49E900E8-52F2-489B-89CB-E02FF05B69D9}.Release_TSE107|x86.ActiveCfg = Release_TSE107|Win32
		{49E900E8-52F2-489B-89CB-E02FF05B69D9}.Release_TSE107|x86.Build.0 = Release_TSE107|Win32
		{49E900E8-52F2-489B-89CB-E02FF05B69D9}.Release_TSE110|x86.ActiveCfg = Release_TSE110|Win32
		{49E900E8-52F2-489B-89CB-E02FF05B69D9}.Release_TSE110|x86.Build.0 = Release_TSE110|Win32
		{461CDB94-D2C7-4331-AE3D-880F9513E7BE}.Debug_TSE107|x86.ActiveCfg = Debug_TSE107|Win32
		{461CDB94-D2C7-4331-AE3D-880F9513E7BE}.Debug_TSE107|x86.Build.0 = Debug_TSE107|Win32
		{461CDB94-D2C7-4331-AE3D-880F9513E7BE}.Release_SSR110|x86.ActiveCfg = Release_SSR110|Win32
		{461CDB94-D2C7-4331-AE3D-880F9513E7BE}.Release_SSR110|x86.Build.0 = Release_SSR110|Win32
		{461CDB94-D2C7-4331-AE3D-880F9513E7BE}.Release_TFE105|x86.ActiveCfg = Release_TFE105|Win32
		{461CDB94-D2C7-4331-AE3D-880F9513E7BE}.Release_TFE105|x86.Build.0 = Release_TFE105|Win32
		{461CDB94-D2C7-4331-AE3D-880F9513E7BE}.Release_TSE105|x86.ActiveCfg = Release_TSE105|Win32
		{461CDB94-D2C7-4331-AE3D-880F9513E7BE}.Release_TSE105|x86.Build.0 = Release_TSE105|Win32
		{461CDB94-D2C7-4331-AE3D-880F9513E7BE}.Release_TSE107|x86.ActiveCfg = Release_TSE107|Win32
		{461CDB94-D2C7-4331-AE3D-880F9513E7BE}.Release_TSE107|x86.Build.0 = Release_TSE107|Win32
		{461CDB94-D2C7-4331-AE3D-880F9513E7BE}.Release_TSE110|x86.ActiveCfg = Release_TSE110|Win32
		{461CDB94-D2C7-4331-AE3D-880F9513E7BE}.Release_TSE110|x86.Build.0 = Release_TSE110|Win32
	EndGlobalSection
	GlobalSection(SolutionProperties) = preSolution
		HideSolutionNode = FALSE
	EndGlobalSection
	GlobalSection(NestedProjects) = preSolution
		{5D8EBD18-915D-4A91-A2FF-4CD988C7C399} = {C0B455EE-4E9E-4547-8F54-392AAD01B704}
		{D99C3608-D607-44D3-9B80-EF7BC3762E8A} = {C0B455EE-4E9E-4547-8F54-392AAD01B704}
		{0EABD2EE-EF9F-47D6-B960-B2BC9A4C8561} = {C0B455EE-4E9E-4547-8F54-392AAD01B704}
		{76F38908-49C8-4F5A-9ABA-ED1A0B89448A} = {C0B455EE-4E9E-4547-8F54-392AAD01B704}
		{9187FA7C-47D1-416A-9066-8B214753A249} = {9DDFB1B8-98C8-4626-AE21-078D811FBA89}
		{2376973F-8EF0-47C5-B517-D5647E07FAF7} = {C0B455EE-4E9E-4547-8F54-392AAD01B704}
		{D9F67AA1-970A-BFDD-6BE9-BD0CDCE98A10} = {EA5B1335-37A6-438F-BBF0-6E72A17F2E70}
		{4410EEB1-AFAD-A936-2168-716C245D36D5} = {EA5B1335-37A6-438F-BBF0-6E72A17F2E70}
		{3EC2357F-FA36-9DF7-FFC4-AF9C03777DBE} = {EA5B1335-37A6-438F-BBF0-6E72A17F2E70}
		{13B46303-3742-4CF4-8B26-845FA2910B2B} = {EA5B1335-37A6-438F-BBF0-6E72A17F2E70}
		{87F87631-985B-4E27-B4CF-95BAD39BFFA3} = {EA5B1335-37A6-438F-BBF0-6E72A17F2E70}
		{FDB3F925-B0E9-41C2-82E3-CEF22EA22F63} = {C0B455EE-4E9E-4547-8F54-392AAD01B704}
		{E6BD3490-574E-4CEF-BE35-09328265684A} = {C0B455EE-4E9E-4547-8F54-392AAD01B704}
		{BA45EAF3-9A63-4C35-86F4-979522D839D5} = {9DDFB1B8-98C8-4626-AE21-078D811FBA89}
		{49E900E8-52F2-489B-89CB-E02FF05B69D9} = {9DDFB1B8-98C8-4626-AE21-078D811FBA89}
		{461CDB94-D2C7-4331-AE3D-880F9513E7BE} = {C0B455EE-4E9E-4547-8F54-392AAD01B704}
	EndGlobalSection
	GlobalSection(ExtensibilityGlobals) = postSolution
		SolutionGuid = {D020DB1E-F8D3-4BA5-9375-22ECC3BC8678}
	EndGlobalSection
EndGlobal
