<?xml version="1.0" encoding="utf-8"?>
<Project ToolsVersion="4.0" xmlns="http://schemas.microsoft.com/developer/msbuild/2003">
  <ItemGroup>
    <Filter Include="Source Files">
      <UniqueIdentifier>{64bed835-70a3-4780-817a-37550f9beafe}</UniqueIdentifier>
      <Extensions>cpp</Extensions>
    </Filter>
    <Filter Include="Header Files">
      <UniqueIdentifier>{bfe6b5ec-94ca-4771-b4ae-6d29a8e62dc6}</UniqueIdentifier>
      <Extensions>h</Extensions>
    </Filter>
    <Filter Include="Resource Files">
      <UniqueIdentifier>{f483e665-b347-4776-8c97-9c8eae695c22}</UniqueIdentifier>
      <Extensions>ico;cur;bmp;dlg;rc2;rct;bin;rgs;gif;jpg;jpeg;jpe</Extensions>
    </Filter>
    <Filter Include="Source Files\Scripting">
      <UniqueIdentifier>{c51ba91b-b732-4f14-845e-a3b61c87d01c}</UniqueIdentifier>
    </Filter>
    <Filter Include="Header Files\Scripting headers">
      <UniqueIdentifier>{35484fc7-dfd7-4535-8315-531c55565547}</UniqueIdentifier>
    </Filter>
    <Filter Include="Source Files\Libraries">
      <UniqueIdentifier>{d2e98055-c5c3-44e0-b651-859fefad26e7}</UniqueIdentifier>
    </Filter>
  </ItemGroup>
  <ItemGroup>
    <ClInclude Include="StdH.h">
      <Filter>Header Files</Filter>
    </ClInclude>
    <ClInclude Include="Scripting\ScrVM.h">
      <Filter>Header Files\Scripting headers</Filter>
    </ClInclude>
    <ClInclude Include="Scripting\ScrValue.h">
      <Filter>Header Files\Scripting headers</Filter>
    </ClInclude>
    <ClInclude Include="Scripting\ScrObject.h">
      <Filter>Header Files\Scripting headers</Filter>
    </ClInclude>
    <ClInclude Include="Scripting\ScrTable.h">
      <Filter>Header Files\Scripting headers</Filter>
    </ClInclude>
    <ClInclude Include="Scripting\ScrConstants.h">
      <Filter>Header Files\Scripting headers</Filter>
    </ClInclude>
  </ItemGroup>
  <ItemGroup>
    <ClCompile Include="StdH.cpp">
      <Filter>Source Files</Filter>
    </ClCompile>
    <ClCompile Include="Main.cpp">
      <Filter>Source Files</Filter>
    </ClCompile>
    <ClCompile Include="Scripting\ScrVM.cpp">
      <Filter>Source Files\Scripting</Filter>
    </ClCompile>
    <ClCompile Include="Scripting\ScrTable.cpp">
      <Filter>Source Files\Scripting</Filter>
    </ClCompile>
    <ClCompile Include="Scripting\ScrObject.cpp">
      <Filter>Source Files\Scripting</Filter>
    </ClCompile>
    <ClCompile Include="Libraries\ScrLibNetwork.cpp">
      <Filter>Source Files\Libraries</Filter>
    </ClCompile>
    <ClCompile Include="Libraries\ScrLibTimer.cpp">
      <Filter>Source Files\Libraries</Filter>
    </ClCompile>
    <ClCompile Include="Libraries\ScrLibWorld.cpp">
      <Filter>Source Files\Libraries</Filter>
    </ClCompile>
    <ClCompile Include="Libraries\ScrLibEntities.cpp">
      <Filter>Source Files\Libraries</Filter>
    </ClCompile>
    <ClCompile Include="Libraries\ScrLibFileSystem.cpp">
      <Filter>Source Files\Libraries</Filter>
    </ClCompile>
    <ClCompile Include="Libraries\ScrLibInput.cpp">
      <Filter>Source Files\Libraries</Filter>
    </ClCompile>
    <ClCompile Include="Libraries\ScrLibShell.cpp">
      <Filter>Source Files\Libraries</Filter>
    </ClCompile>
    <ClCompile Include="Libraries\ScrLibMessage.cpp">
      <Filter>Source Files\Libraries</Filter>
    </ClCompile>
  </ItemGroup>
</Project>