<?xml version="1.0" encoding="utf-8"?>
<Project ToolsVersion="4.0" xmlns="http://schemas.microsoft.com/developer/msbuild/2003">
  <ItemGroup>
    <Filter Include="Source Files">
      <UniqueIdentifier>{e131e617-7c4e-4bdc-b7e0-9699ac38c8b8}</UniqueIdentifier>
      <Extensions>cpp;c;cxx;rc;def;r;odl;idl;hpj;bat</Extensions>
    </Filter>
    <Filter Include="Header Files">
      <UniqueIdentifier>{15a37865-b5a7-439c-b641-fc0a0317771e}</UniqueIdentifier>
      <Extensions>h;hpp;hxx;hm;inl</Extensions>
    </Filter>
  </ItemGroup>
  <ItemGroup>
    <ClCompile Include="sqapi.cpp">
      <Filter>Source Files</Filter>
    </ClCompile>
    <ClCompile Include="sqbaselib.cpp">
      <Filter>Source Files</Filter>
    </ClCompile>
    <ClCompile Include="sqcompiler.cpp">
      <Filter>Source Files</Filter>
    </ClCompile>
    <ClCompile Include="sqdebug.cpp">
      <Filter>Source Files</Filter>
    </ClCompile>
    <ClCompile Include="sqfuncstate.cpp">
      <Filter>Source Files</Filter>
    </ClCompile>
    <ClCompile Include="sqlexer.cpp">
      <Filter>Source Files</Filter>
    </ClCompile>
    <ClCompile Include="sqmem.cpp">
      <Filter>Source Files</Filter>
    </ClCompile>
    <ClCompile Include="sqobject.cpp">
      <Filter>Source Files</Filter>
    </ClCompile>
    <ClCompile Include="sqstate.cpp">
      <Filter>Source Files</Filter>
    </ClCompile>
    <ClCompile Include="sqtable.cpp">
      <Filter>Source Files</Filter>
    </ClCompile>
    <ClCompile Include="sqclass.cpp">
      <Filter>Source Files</Filter>
    </ClCompile>
    <ClCompile Include="sqvm.cpp">
      <Filter>Source Files</Filter>
    </ClCompile>
  </ItemGroup>
  <ItemGroup>
    <ClInclude Include="sqarray.h">
      <Filter>Header Files</Filter>
    </ClInclude>
    <ClInclude Include="sqclosure.h">
      <Filter>Header Files</Filter>
    </ClInclude>
    <ClInclude Include="sqcompiler.h">
      <Filter>Header Files</Filter>
    </ClInclude>
    <ClInclude Include="sqfuncproto.h">
      <Filter>Header Files</Filter>
    </ClInclude>
    <ClInclude Include="sqfuncstate.h">
      <Filter>Header Files</Filter>
    </ClInclude>
    <ClInclude Include="sqlexer.h">
      <Filter>Header Files</Filter>
    </ClInclude>
    <ClInclude Include="sqobject.h">
      <Filter>Header Files</Filter>
    </ClInclude>
    <ClInclude Include="sqopcodes.h">
      <Filter>Header Files</Filter>
    </ClInclude>
    <ClInclude Include="sqpcheader.h">
      <Filter>Header Files</Filter>
    </ClInclude>
    <ClInclude Include="sqstate.h">
      <Filter>Header Files</Filter>
    </ClInclude>
    <ClInclude Include="sqstring.h">
      <Filter>Header Files</Filter>
    </ClInclude>
    <ClInclude Include="sqtable.h">
      <Filter>Header Files</Filter>
    </ClInclude>
    <ClInclude Include="squserdata.h">
      <Filter>Header Files</Filter>
    </ClInclude>
    <ClInclude Include="squtils.h">
      <Filter>Header Files</Filter>
    </ClInclude>
    <ClInclude Include="sqclass.h">
      <Filter>Header Files</Filter>
    </ClInclude>
    <ClInclude Include="sqvm.h">
      <Filter>Header Files</Filter>
    </ClInclude>
  </ItemGroup>
</Project>