<?xml version="1.0" encoding="utf-8"?>
<Project ToolsVersion="4.0" xmlns="http://schemas.microsoft.com/developer/msbuild/2003">
  <ItemGroup>
    <Filter Include="Source Files">
      <UniqueIdentifier>{10bb2730-d761-4578-95c0-cec70a18446f}</UniqueIdentifier>
      <Extensions>cpp;c;cxx;rc;def;r;odl;hpj;bat;for;f90</Extensions>
    </Filter>
    <Filter Include="Header Files">
      <UniqueIdentifier>{b2313bc1-2af4-43a8-bedc-055fdece5f85}</UniqueIdentifier>
      <Extensions>h;hpp;hxx;hm;inl;fi;fd</Extensions>
    </Filter>
    <Filter Include="Resource Files">
      <UniqueIdentifier>{581cfb2d-9f80-4531-a100-fb97388ad6c1}</UniqueIdentifier>
      <Extensions>ico;cur;bmp;dlg;rc2;rct;bin;cnt;rtf;gif;jpg;jpeg;jpe</Extensions>
    </Filter>
    <Filter Include="Wizard Files">
      <UniqueIdentifier>{7e7e7b5f-d4a7-4a8e-ab80-568057d12fdf}</UniqueIdentifier>
    </Filter>
    <Filter Include="Header Files\Dialogs headers">
      <UniqueIdentifier>{feef4a1e-39f9-4d51-a82c-69167df9f26a}</UniqueIdentifier>
    </Filter>
    <Filter Include="Header Files\Controls headers">
      <UniqueIdentifier>{11b4cd3f-fe7b-4da2-9bd3-5ccf7928224d}</UniqueIdentifier>
    </Filter>
    <Filter Include="Source Files\Dialogs">
      <UniqueIdentifier>{418670bf-72d5-4393-9d95-d9cb1beb43d3}</UniqueIdentifier>
    </Filter>
    <Filter Include="Source Files\Controls">
      <UniqueIdentifier>{709e1e53-b7b4-4946-8ef3-ec462cf1f73d}</UniqueIdentifier>
    </Filter>
  </ItemGroup>
  <ItemGroup>
    <ClCompile Include="ActiveTextureWnd.cpp">
      <Filter>Source Files</Filter>
    </ClCompile>
    <ClCompile Include="Browser.cpp">
      <Filter>Source Files</Filter>
    </ClCompile>
    <ClCompile Include="BrowseWindow.cpp">
      <Filter>Source Files</Filter>
    </ClCompile>
    <ClCompile Include="BrushPaletteWnd.cpp">
      <Filter>Source Files</Filter>
    </ClCompile>
    <ClCompile Include="ChildFrm.cpp">
      <Filter>Source Files</Filter>
    </ClCompile>
    <ClCompile Include="ColoredButton.cpp">
      <Filter>Source Files</Filter>
    </ClCompile>
    <ClCompile Include="ColorPaletteWnd.cpp">
      <Filter>Source Files</Filter>
    </ClCompile>
    <ClCompile Include="CSGDesitnationCombo.cpp">
      <Filter>Source Files</Filter>
    </ClCompile>
    <ClCompile Include="CustomComboWnd.cpp">
      <Filter>Source Files</Filter>
    </ClCompile>
    <ClCompile Include="EditMipSwitchDistance.cpp">
      <Filter>Source Files</Filter>
    </ClCompile>
    <ClCompile Include="EntitySelectionListBox.cpp">
      <Filter>Source Files</Filter>
    </ClCompile>
    <ClCompile Include="InfoFrame.cpp">
      <Filter>Source Files</Filter>
    </ClCompile>
    <ClCompile Include="InfoSheet.cpp">
      <Filter>Source Files</Filter>
    </ClCompile>
    <ClCompile Include="MainFrm.cpp">
      <Filter>Source Files</Filter>
    </ClCompile>
    <ClCompile Include="PrimitiveHistoryCombo.cpp">
      <Filter>Source Files</Filter>
    </ClCompile>
    <ClCompile Include="PropertyComboBar.cpp">
      <Filter>Source Files</Filter>
    </ClCompile>
    <ClCompile Include="PropertyComboBox.cpp">
      <Filter>Source Files</Filter>
    </ClCompile>
    <ClCompile Include="SkyFloat.cpp">
      <Filter>Source Files</Filter>
    </ClCompile>
    <ClCompile Include="StdH.cpp">
      <Filter>Source Files</Filter>
    </ClCompile>
    <ClCompile Include="TerrainEditing.cpp">
      <Filter>Source Files</Filter>
    </ClCompile>
    <ClCompile Include="TerrainInterface.cpp">
      <Filter>Source Files</Filter>
    </ClCompile>
    <ClCompile Include="ToolTipWnd.cpp">
      <Filter>Source Files</Filter>
    </ClCompile>
    <ClCompile Include="TriangularisationCombo.cpp">
      <Filter>Source Files</Filter>
    </ClCompile>
    <ClCompile Include="Viewers.cpp">
      <Filter>Source Files</Filter>
    </ClCompile>
    <ClCompile Include="ViewTexture.cpp">
      <Filter>Source Files</Filter>
    </ClCompile>
    <ClCompile Include="VirtualTreeCtrl.cpp">
      <Filter>Source Files</Filter>
    </ClCompile>
    <ClCompile Include="VirtualTreeNode.cpp">
      <Filter>Source Files</Filter>
    </ClCompile>
    <ClCompile Include="WndAnimationFrames.cpp">
      <Filter>Source Files</Filter>
    </ClCompile>
    <ClCompile Include="WndDisplayTexture.cpp">
      <Filter>Source Files</Filter>
    </ClCompile>
    <ClCompile Include="WndTerrainTilePalette.cpp">
      <Filter>Source Files</Filter>
    </ClCompile>
    <ClCompile Include="WndTestAnimation.cpp">
      <Filter>Source Files</Filter>
    </ClCompile>
    <ClCompile Include="WorldEditor.cpp">
      <Filter>Source Files</Filter>
    </ClCompile>
    <ClCompile Include="WorldEditorDoc.cpp">
      <Filter>Source Files</Filter>
    </ClCompile>
    <ClCompile Include="WorldEditorView.cpp">
      <Filter>Source Files</Filter>
    </ClCompile>
    <ClCompile Include="Dialogs\DlgSnapVertex.cpp">
      <Filter>Source Files\Dialogs</Filter>
    </ClCompile>
    <ClCompile Include="Dialogs\DlgStretchChildOffset.cpp">
      <Filter>Source Files\Dialogs</Filter>
    </ClCompile>
    <ClCompile Include="Dialogs\DlgTEOperationSettings.cpp">
      <Filter>Source Files\Dialogs</Filter>
    </ClCompile>
    <ClCompile Include="Dialogs\DlgTerrainProperties.cpp">
      <Filter>Source Files\Dialogs</Filter>
    </ClCompile>
    <ClCompile Include="Dialogs\DlgTipOfTheDay.cpp">
      <Filter>Source Files\Dialogs</Filter>
    </ClCompile>
    <ClCompile Include="Dialogs\DlgTreeShortcuts.cpp">
      <Filter>Source Files\Dialogs</Filter>
    </ClCompile>
    <ClCompile Include="Dialogs\DlgWorldSettings.cpp">
      <Filter>Source Files\Dialogs</Filter>
    </ClCompile>
    <ClCompile Include="Dialogs\DlgAllignVertices.cpp">
      <Filter>Source Files\Dialogs</Filter>
    </ClCompile>
    <ClCompile Include="Dialogs\DlgAutoDeltaCSG.cpp">
      <Filter>Source Files\Dialogs</Filter>
    </ClCompile>
    <ClCompile Include="Dialogs\DlgAutTexturize.cpp">
      <Filter>Source Files\Dialogs</Filter>
    </ClCompile>
    <ClCompile Include="Dialogs\DlgBrowseByClass.cpp">
      <Filter>Source Files\Dialogs</Filter>
    </ClCompile>
    <ClCompile Include="Dialogs\DlgComment.cpp">
      <Filter>Source Files\Dialogs</Filter>
    </ClCompile>
    <ClCompile Include="Dialogs\DlgCreateVirtualDirectory.cpp">
      <Filter>Source Files\Dialogs</Filter>
    </ClCompile>
    <ClCompile Include="Dialogs\DlgDisplaceMapSize.cpp">
      <Filter>Source Files\Dialogs</Filter>
    </ClCompile>
    <ClCompile Include="Dialogs\DlgEditFloat.cpp">
      <Filter>Source Files\Dialogs</Filter>
    </ClCompile>
    <ClCompile Include="Dialogs\DlgEditTerrainBrush.cpp">
      <Filter>Source Files\Dialogs</Filter>
    </ClCompile>
    <ClCompile Include="Dialogs\DlgEditTerrainLayer.cpp">
      <Filter>Source Files\Dialogs</Filter>
    </ClCompile>
    <ClCompile Include="Dialogs\DlgFilterPolygonSelection.cpp">
      <Filter>Source Files\Dialogs</Filter>
    </ClCompile>
    <ClCompile Include="Dialogs\DlgFilterVertexSelection.cpp">
      <Filter>Source Files\Dialogs</Filter>
    </ClCompile>
    <ClCompile Include="Dialogs\DlgGenerateFBM.cpp">
      <Filter>Source Files\Dialogs</Filter>
    </ClCompile>
    <ClCompile Include="Dialogs\DlgLightAnimationEditor.cpp">
      <Filter>Source Files\Dialogs</Filter>
    </ClCompile>
    <ClCompile Include="Dialogs\DlgLinkTree.cpp">
      <Filter>Source Files\Dialogs</Filter>
    </ClCompile>
    <ClCompile Include="Dialogs\DlgMirrorAndStretch.cpp">
      <Filter>Source Files\Dialogs</Filter>
    </ClCompile>
    <ClCompile Include="Dialogs\DlgNumericAlpha.cpp">
      <Filter>Source Files\Dialogs</Filter>
    </ClCompile>
    <ClCompile Include="Dialogs\DlgPgGlobal.cpp">
      <Filter>Source Files\Dialogs</Filter>
    </ClCompile>
    <ClCompile Include="Dialogs\DlgPgPolygon.cpp">
      <Filter>Source Files\Dialogs</Filter>
    </ClCompile>
    <ClCompile Include="Dialogs\DlgPgPosition.cpp">
      <Filter>Source Files\Dialogs</Filter>
    </ClCompile>
    <ClCompile Include="Dialogs\DlgPgPrimitive.cpp">
      <Filter>Source Files\Dialogs</Filter>
    </ClCompile>
    <ClCompile Include="Dialogs\DlgPgRenderingStatistics.cpp">
      <Filter>Source Files\Dialogs</Filter>
    </ClCompile>
    <ClCompile Include="Dialogs\DlgPgSector.cpp">
      <Filter>Source Files\Dialogs</Filter>
    </ClCompile>
    <ClCompile Include="Dialogs\DlgPgShadow.cpp">
      <Filter>Source Files\Dialogs</Filter>
    </ClCompile>
    <ClCompile Include="Dialogs\DlgPgTerrain.cpp">
      <Filter>Source Files\Dialogs</Filter>
    </ClCompile>
    <ClCompile Include="Dialogs\DlgPgTexture.cpp">
      <Filter>Source Files\Dialogs</Filter>
    </ClCompile>
    <ClCompile Include="Dialogs\DlgPreferences.cpp">
      <Filter>Source Files\Dialogs</Filter>
    </ClCompile>
    <ClCompile Include="Dialogs\DlgProgress.cpp">
      <Filter>Source Files\Dialogs</Filter>
    </ClCompile>
    <ClCompile Include="Dialogs\DlgRenderingPreferences.cpp">
      <Filter>Source Files\Dialogs</Filter>
    </ClCompile>
    <ClCompile Include="Dialogs\DlgSelectByName.cpp">
      <Filter>Source Files\Dialogs</Filter>
    </ClCompile>
    <ClCompile Include="Controls\CtrlEditBoolean.cpp">
      <Filter>Source Files\Controls</Filter>
    </ClCompile>
    <ClCompile Include="Controls\CtrlEditFlags.cpp">
      <Filter>Source Files\Controls</Filter>
    </ClCompile>
    <ClCompile Include="Controls\CtrlEditFloat.cpp">
      <Filter>Source Files\Controls</Filter>
    </ClCompile>
    <ClCompile Include="Controls\CtrlEditString.cpp">
      <Filter>Source Files\Controls</Filter>
    </ClCompile>
    <ClCompile Include="Controls\CtrlEnumCombo.cpp">
      <Filter>Source Files\Controls</Filter>
    </ClCompile>
    <ClCompile Include="Controls\CtlTipOfTheDayText.cpp">
      <Filter>Source Files\Controls</Filter>
    </ClCompile>
    <ClCompile Include="Controls\CtrlAxisRadio.cpp">
      <Filter>Source Files\Controls</Filter>
    </ClCompile>
    <ClCompile Include="Controls\CtrlBrowseFile.cpp">
      <Filter>Source Files\Controls</Filter>
    </ClCompile>
  </ItemGroup>
  <ItemGroup>
    <ResourceCompile Include="WorldEditor.rc">
      <Filter>Source Files</Filter>
    </ResourceCompile>
  </ItemGroup>
  <ItemGroup>
    <ClInclude Include="ActiveTextureWnd.h">
      <Filter>Header Files</Filter>
    </ClInclude>
    <ClInclude Include="Browser.h">
      <Filter>Header Files</Filter>
    </ClInclude>
    <ClInclude Include="browsewindow.h">
      <Filter>Header Files</Filter>
    </ClInclude>
    <ClInclude Include="BrushPaletteWnd.h">
      <Filter>Header Files</Filter>
    </ClInclude>
    <ClInclude Include="ChildFrm.h">
      <Filter>Header Files</Filter>
    </ClInclude>
    <ClInclude Include="coloredbutton.h">
      <Filter>Header Files</Filter>
    </ClInclude>
    <ClInclude Include="ColorPaletteWnd.h">
      <Filter>Header Files</Filter>
    </ClInclude>
    <ClInclude Include="CSGDesitnationCombo.h">
      <Filter>Header Files</Filter>
    </ClInclude>
    <ClInclude Include="CustomComboWnd.h">
      <Filter>Header Files</Filter>
    </ClInclude>
    <ClInclude Include="EditMipSwitchDistance.h">
      <Filter>Header Files</Filter>
    </ClInclude>
    <ClInclude Include="EntitySelectionListBox.h">
      <Filter>Header Files</Filter>
    </ClInclude>
    <ClInclude Include="InfoFrame.h">
      <Filter>Header Files</Filter>
    </ClInclude>
    <ClInclude Include="InfoSheet.h">
      <Filter>Header Files</Filter>
    </ClInclude>
    <ClInclude Include="MainFrm.h">
      <Filter>Header Files</Filter>
    </ClInclude>
    <ClInclude Include="PrimitiveHistoryCombo.h">
      <Filter>Header Files</Filter>
    </ClInclude>
    <ClInclude Include="PropertyComboBar.h">
      <Filter>Header Files</Filter>
    </ClInclude>
    <ClInclude Include="PropertyComboBox.h">
      <Filter>Header Files</Filter>
    </ClInclude>
    <ClInclude Include="SkyFloat.h">
      <Filter>Header Files</Filter>
    </ClInclude>
    <ClInclude Include="StdH.h">
      <Filter>Header Files</Filter>
    </ClInclude>
    <ClInclude Include="TerrainEditing.h">
      <Filter>Header Files</Filter>
    </ClInclude>
    <ClInclude Include="TerrainInterface.h">
      <Filter>Header Files</Filter>
    </ClInclude>
    <ClInclude Include="ToolTipWnd.h">
      <Filter>Header Files</Filter>
    </ClInclude>
    <ClInclude Include="TriangularisationCombo.h">
      <Filter>Header Files</Filter>
    </ClInclude>
    <ClInclude Include="Viewers.h">
      <Filter>Header Files</Filter>
    </ClInclude>
    <ClInclude Include="ViewTexture.h">
      <Filter>Header Files</Filter>
    </ClInclude>
    <ClInclude Include="VirtualTreeCtrl.h">
      <Filter>Header Files</Filter>
    </ClInclude>
    <ClInclude Include="VirtualTreeNode.h">
      <Filter>Header Files</Filter>
    </ClInclude>
    <ClInclude Include="WndAnimationFrames.h">
      <Filter>Header Files</Filter>
    </ClInclude>
    <ClInclude Include="WndDisplayTexture.h">
      <Filter>Header Files</Filter>
    </ClInclude>
    <ClInclude Include="WndTerrainTilePalette.h">
      <Filter>Header Files</Filter>
    </ClInclude>
    <ClInclude Include="WndTestAnimation.h">
      <Filter>Header Files</Filter>
    </ClInclude>
    <ClInclude Include="WorldEditor.h">
      <Filter>Header Files</Filter>
    </ClInclude>
    <ClInclude Include="WorldEditorDoc.h">
      <Filter>Header Files</Filter>
    </ClInclude>
    <ClInclude Include="WorldEditorView.h">
      <Filter>Header Files</Filter>
    </ClInclude>
    <ClInclude Include="Controls\CtlTipOfTheDayText.h">
      <Filter>Header Files\Controls headers</Filter>
    </ClInclude>
    <ClInclude Include="Controls\CtrlAxisRadio.h">
      <Filter>Header Files\Controls headers</Filter>
    </ClInclude>
    <ClInclude Include="Controls\CtrlBrowseFile.h">
      <Filter>Header Files\Controls headers</Filter>
    </ClInclude>
    <ClInclude Include="Controls\CtrlEditBoolean.h">
      <Filter>Header Files\Controls headers</Filter>
    </ClInclude>
    <ClInclude Include="Controls\CtrlEditFlags.h">
      <Filter>Header Files\Controls headers</Filter>
    </ClInclude>
    <ClInclude Include="Controls\CtrlEditFloat.h">
      <Filter>Header Files\Controls headers</Filter>
    </ClInclude>
    <ClInclude Include="Controls\CtrlEditString.h">
      <Filter>Header Files\Controls headers</Filter>
    </ClInclude>
    <ClInclude Include="Controls\CtrlEnumCombo.h">
      <Filter>Header Files\Controls headers</Filter>
    </ClInclude>
    <ClInclude Include="Dialogs\DlgNumericAlpha.h">
      <Filter>Header Files\Dialogs headers</Filter>
    </ClInclude>
    <ClInclude Include="Dialogs\DlgPgGlobal.h">
      <Filter>Header Files\Dialogs headers</Filter>
    </ClInclude>
    <ClInclude Include="Dialogs\DlgPgPolygon.h">
      <Filter>Header Files\Dialogs headers</Filter>
    </ClInclude>
    <ClInclude Include="Dialogs\DlgPgPosition.h">
      <Filter>Header Files\Dialogs headers</Filter>
    </ClInclude>
    <ClInclude Include="Dialogs\DlgPgPrimitive.h">
      <Filter>Header Files\Dialogs headers</Filter>
    </ClInclude>
    <ClInclude Include="Dialogs\DlgPgRenderingStatistics.h">
      <Filter>Header Files\Dialogs headers</Filter>
    </ClInclude>
    <ClInclude Include="Dialogs\DlgPgSector.h">
      <Filter>Header Files\Dialogs headers</Filter>
    </ClInclude>
    <ClInclude Include="Dialogs\DlgPgShadow.h">
      <Filter>Header Files\Dialogs headers</Filter>
    </ClInclude>
    <ClInclude Include="Dialogs\DlgPgTerrain.h">
      <Filter>Header Files\Dialogs headers</Filter>
    </ClInclude>
    <ClInclude Include="Dialogs\DlgPgTexture.h">
      <Filter>Header Files\Dialogs headers</Filter>
    </ClInclude>
    <ClInclude Include="Dialogs\DlgPreferences.h">
      <Filter>Header Files\Dialogs headers</Filter>
    </ClInclude>
    <ClInclude Include="Dialogs\DlgProgress.h">
      <Filter>Header Files\Dialogs headers</Filter>
    </ClInclude>
    <ClInclude Include="Dialogs\DlgRenderingPreferences.h">
      <Filter>Header Files\Dialogs headers</Filter>
    </ClInclude>
    <ClInclude Include="Dialogs\DlgSelectByName.h">
      <Filter>Header Files\Dialogs headers</Filter>
    </ClInclude>
    <ClInclude Include="Dialogs\DlgSnapVertex.h">
      <Filter>Header Files\Dialogs headers</Filter>
    </ClInclude>
    <ClInclude Include="Dialogs\DlgStretchChildOffset.h">
      <Filter>Header Files\Dialogs headers</Filter>
    </ClInclude>
    <ClInclude Include="Dialogs\DlgTEOperationSettings.h">
      <Filter>Header Files\Dialogs headers</Filter>
    </ClInclude>
    <ClInclude Include="Dialogs\DlgTerrainProperties.h">
      <Filter>Header Files\Dialogs headers</Filter>
    </ClInclude>
    <ClInclude Include="Dialogs\DlgTipOfTheDay.h">
      <Filter>Header Files\Dialogs headers</Filter>
    </ClInclude>
    <ClInclude Include="Dialogs\DlgTreeShortcuts.h">
      <Filter>Header Files\Dialogs headers</Filter>
    </ClInclude>
    <ClInclude Include="Dialogs\DlgWorldSettings.h">
      <Filter>Header Files\Dialogs headers</Filter>
    </ClInclude>
    <ClInclude Include="Dialogs\DlgAllignVertices.h">
      <Filter>Header Files\Dialogs headers</Filter>
    </ClInclude>
    <ClInclude Include="Dialogs\DlgAutoDeltaCSG.h">
      <Filter>Header Files\Dialogs headers</Filter>
    </ClInclude>
    <ClInclude Include="Dialogs\DlgAutTexturize.h">
      <Filter>Header Files\Dialogs headers</Filter>
    </ClInclude>
    <ClInclude Include="Dialogs\DlgBrowseByClass.h">
      <Filter>Header Files\Dialogs headers</Filter>
    </ClInclude>
    <ClInclude Include="Dialogs\DlgComment.h">
      <Filter>Header Files\Dialogs headers</Filter>
    </ClInclude>
    <ClInclude Include="Dialogs\DlgCreateVirtualDirectory.h">
      <Filter>Header Files\Dialogs headers</Filter>
    </ClInclude>
    <ClInclude Include="Dialogs\DlgDisplaceMapSize.h">
      <Filter>Header Files\Dialogs headers</Filter>
    </ClInclude>
    <ClInclude Include="Dialogs\DlgEditFloat.h">
      <Filter>Header Files\Dialogs headers</Filter>
    </ClInclude>
    <ClInclude Include="Dialogs\DlgEditTerrainBrush.h">
      <Filter>Header Files\Dialogs headers</Filter>
    </ClInclude>
    <ClInclude Include="Dialogs\DlgEditTerrainLayer.h">
      <Filter>Header Files\Dialogs headers</Filter>
    </ClInclude>
    <ClInclude Include="Dialogs\DlgFilterPolygonSelection.h">
      <Filter>Header Files\Dialogs headers</Filter>
    </ClInclude>
    <ClInclude Include="Dialogs\DlgFilterVertexSelection.h">
      <Filter>Header Files\Dialogs headers</Filter>
    </ClInclude>
    <ClInclude Include="Dialogs\DlgGenerateFBM.h">
      <Filter>Header Files\Dialogs headers</Filter>
    </ClInclude>
    <ClInclude Include="Dialogs\DlgLightAnimationEditor.h">
      <Filter>Header Files\Dialogs headers</Filter>
    </ClInclude>
    <ClInclude Include="Dialogs\DlgLinkTree.h">
      <Filter>Header Files\Dialogs headers</Filter>
    </ClInclude>
    <ClInclude Include="Dialogs\DlgMirrorAndStretch.h">
      <Filter>Header Files\Dialogs headers</Filter>
    </ClInclude>
  </ItemGroup>
  <ItemGroup>
    <CustomBuild Include="Resource.h">
      <Filter>Header Files</Filter>
    </CustomBuild>
    <CustomBuild Include="arrowcop.cur">
      <Filter>Resource Files</Filter>
    </CustomBuild>
    <CustomBuild Include="res\bmp00001.bmp">
      <Filter>Resource Files</Filter>
    </CustomBuild>
    <CustomBuild Include="res\bmp00002.bmp">
      <Filter>Resource Files</Filter>
    </CustomBuild>
    <CustomBuild Include="res\bmp00003.bmp">
      <Filter>Resource Files</Filter>
    </CustomBuild>
    <CustomBuild Include="RES\bmp00004.bmp">
      <Filter>Resource Files</Filter>
    </CustomBuild>
    <CustomBuild Include="res\bmp00005.bmp">
      <Filter>Resource Files</Filter>
    </CustomBuild>
    <CustomBuild Include="res\bmp00006.bmp">
      <Filter>Resource Files</Filter>
    </CustomBuild>
    <CustomBuild Include="res\csg_tool.bmp">
      <Filter>Resource Files</Filter>
    </CustomBuild>
    <CustomBuild Include="RES\cur00001.cur">
      <Filter>Resource Files</Filter>
    </CustomBuild>
    <CustomBuild Include="RES\cur00002.cur">
      <Filter>Resource Files</Filter>
    </CustomBuild>
    <CustomBuild Include="RES\cur00003.cur">
      <Filter>Resource Files</Filter>
    </CustomBuild>
    <CustomBuild Include="RES\cur00004.cur">
      <Filter>Resource Files</Filter>
    </CustomBuild>
    <CustomBuild Include="res\cut_curs.ico">
      <Filter>Resource Files</Filter>
    </CustomBuild>
    <CustomBuild Include="res\cut_line.cur">
      <Filter>Resource Files</Filter>
    </CustomBuild>
    <CustomBuild Include="res\director.bmp">
      <Filter>Resource Files</Filter>
    </CustomBuild>
    <CustomBuild Include="res\ico00001.ico">
      <Filter>Resource Files</Filter>
    </CustomBuild>
    <CustomBuild Include="res\ico00002.ico">
      <Filter>Resource Files</Filter>
    </CustomBuild>
    <CustomBuild Include="res\ico00003.ico">
      <Filter>Resource Files</Filter>
    </CustomBuild>
    <CustomBuild Include="res\ico00004.ico">
      <Filter>Resource Files</Filter>
    </CustomBuild>
    <CustomBuild Include="res\ico00005.ico">
      <Filter>Resource Files</Filter>
    </CustomBuild>
    <CustomBuild Include="res\ico00006.ico">
      <Filter>Resource Files</Filter>
    </CustomBuild>
    <CustomBuild Include="res\ico00007.ico">
      <Filter>Resource Files</Filter>
    </CustomBuild>
    <CustomBuild Include="res\ico00008.ico">
      <Filter>Resource Files</Filter>
    </CustomBuild>
    <CustomBuild Include="res\ico00009.ico">
      <Filter>Resource Files</Filter>
    </CustomBuild>
    <CustomBuild Include="res\ico00010.ico">
      <Filter>Resource Files</Filter>
    </CustomBuild>
    <CustomBuild Include="res\ico00011.ico">
      <Filter>Resource Files</Filter>
    </CustomBuild>
    <CustomBuild Include="res\ico00012.ico">
      <Filter>Resource Files</Filter>
    </CustomBuild>
    <CustomBuild Include="res\ico00013.ico">
      <Filter>Resource Files</Filter>
    </CustomBuild>
    <CustomBuild Include="res\ico00014.ico">
      <Filter>Resource Files</Filter>
    </CustomBuild>
    <CustomBuild Include="res\ico00015.ico">
      <Filter>Resource Files</Filter>
    </CustomBuild>
    <CustomBuild Include="res\ico00016.ico">
      <Filter>Resource Files</Filter>
    </CustomBuild>
    <CustomBuild Include="res\ico00017.ico">
      <Filter>Resource Files</Filter>
    </CustomBuild>
    <CustomBuild Include="res\ico00018.ico">
      <Filter>Resource Files</Filter>
    </CustomBuild>
    <CustomBuild Include="res\ico00019.ico">
      <Filter>Resource Files</Filter>
    </CustomBuild>
    <CustomBuild Include="res\ico00020.ico">
      <Filter>Resource Files</Filter>
    </CustomBuild>
    <CustomBuild Include="res\ico00021.ico">
      <Filter>Resource Files</Filter>
    </CustomBuild>
    <CustomBuild Include="res\ico00022.ico">
      <Filter>Resource Files</Filter>
    </CustomBuild>
    <CustomBuild Include="res\ico00023.ico">
      <Filter>Resource Files</Filter>
    </CustomBuild>
    <CustomBuild Include="res\ico00024.ico">
      <Filter>Resource Files</Filter>
    </CustomBuild>
    <CustomBuild Include="res\ico00025.ico">
      <Filter>Resource Files</Filter>
    </CustomBuild>
    <CustomBuild Include="res\ico00026.ico">
      <Filter>Resource Files</Filter>
    </CustomBuild>
    <CustomBuild Include="RES\ico00027.ico">
      <Filter>Resource Files</Filter>
    </CustomBuild>
    <CustomBuild Include="res\icon1.ico">
      <Filter>Resource Files</Filter>
    </CustomBuild>
    <CustomBuild Include="res\idr_icon.ico">
      <Filter>Resource Files</Filter>
    </CustomBuild>
    <CustomBuild Include="res\mainfram.bmp">
      <Filter>Resource Files</Filter>
    </CustomBuild>
    <CustomBuild Include="res\mirror1.cur">
      <Filter>Resource Files</Filter>
    </CustomBuild>
    <CustomBuild Include="RES\te_erase.cur">
      <Filter>Resource Files</Filter>
    </CustomBuild>
    <CustomBuild Include="RES\te_heigh.cur">
      <Filter>Resource Files</Filter>
    </CustomBuild>
    <CustomBuild Include="RES\te_layer.cur">
      <Filter>Resource Files</Filter>
    </CustomBuild>
    <CustomBuild Include="RES\te_max1.cur">
      <Filter>Resource Files</Filter>
    </CustomBuild>
    <CustomBuild Include="RES\te_min1.cur">
      <Filter>Resource Files</Filter>
    </CustomBuild>
    <CustomBuild Include="RES\te_noise.cur">
      <Filter>Resource Files</Filter>
    </CustomBuild>
    <CustomBuild Include="RES\te_pick.cur">
      <Filter>Resource Files</Filter>
    </CustomBuild>
    <CustomBuild Include="RES\te_pick1.cur">
      <Filter>Resource Files</Filter>
    </CustomBuild>
    <CustomBuild Include="RES\te_poste.cur">
      <Filter>Resource Files</Filter>
    </CustomBuild>
    <CustomBuild Include="res\TipOfTheDay.bmp">
      <Filter>Resource Files</Filter>
    </CustomBuild>
    <CustomBuild Include="res\Toolbar.bmp">
      <Filter>Resource Files</Filter>
    </CustomBuild>
    <CustomBuild Include="res\toolbar1.bmp">
      <Filter>Resource Files</Filter>
    </CustomBuild>
    <CustomBuild Include="res\view_too.bmp">
      <Filter>Resource Files</Filter>
    </CustomBuild>
    <CustomBuild Include="res\WorldEditor.ico">
      <Filter>Resource Files</Filter>
    </CustomBuild>
    <CustomBuild Include="res\WorldEditor.rc2">
      <Filter>Resource Files</Filter>
    </CustomBuild>
    <CustomBuild Include="res\WorldEditorDoc.ico">
      <Filter>Resource Files</Filter>
    </CustomBuild>
    <CustomBuild Include="WorldEditor.clw">
      <Filter>Wizard Files</Filter>
    </CustomBuild>
  </ItemGroup>
</Project>