<?xml version="1.0" encoding="utf-8"?>
<Project ToolsVersion="4.0" xmlns="http://schemas.microsoft.com/developer/msbuild/2003">
  <ItemGroup>
    <Filter Include="Source Files">
      <UniqueIdentifier>{e7d59bc4-af0d-42fb-80c4-0a3810d10b3b}</UniqueIdentifier>
      <Extensions>cpp;c;cxx;rc;def;r;odl;hpj;bat;for;f90</Extensions>
    </Filter>
    <Filter Include="Source Files\Common sources">
      <UniqueIdentifier>{eff72727-f56f-4f0e-afac-b202a832273c}</UniqueIdentifier>
    </Filter>
    <Filter Include="Header Files">
      <UniqueIdentifier>{40c44e31-3be4-44a9-8aef-92eb0d62e66c}</UniqueIdentifier>
      <Extensions>h;hpp;hxx;hm;inl;fi;fd</Extensions>
    </Filter>
    <Filter Include="Header Files\Common headers">
      <UniqueIdentifier>{b1b59106-4305-4614-9d3a-a199972e8e55}</UniqueIdentifier>
    </Filter>
    <Filter Include="Class Files">
      <UniqueIdentifier>{d652878a-c578-4041-b62b-f0edb3642a60}</UniqueIdentifier>
      <Extensions>es</Extensions>
    </Filter>
    <Filter Include="Class Files\AI">
      <UniqueIdentifier>{15e23bb9-693a-4bc5-884f-56deebba6370}</UniqueIdentifier>
      <Extensions>es</Extensions>
    </Filter>
    <Filter Include="Class Files\Brushes">
      <UniqueIdentifier>{a2bbac85-6836-400a-808a-fe3b3e2fc728}</UniqueIdentifier>
      <Extensions>es</Extensions>
    </Filter>
    <Filter Include="Class Files\Effects">
      <UniqueIdentifier>{2ae3f057-e63c-47f1-93e5-a85f7712842a}</UniqueIdentifier>
      <Extensions>es</Extensions>
    </Filter>
    <Filter Include="Class Files\Enemies">
      <UniqueIdentifier>{80a55b57-0a3c-4e6e-877c-499b03e05fef}</UniqueIdentifier>
      <Extensions>es</Extensions>
    </Filter>
    <Filter Include="Class Files\Environment">
      <UniqueIdentifier>{bd7d8803-b844-4ab6-9ca5-c53fc8711029}</UniqueIdentifier>
      <Extensions>es</Extensions>
    </Filter>
    <Filter Include="Class Files\Items">
      <UniqueIdentifier>{57aa098f-2862-44ef-a6cf-3bdc5620a09f}</UniqueIdentifier>
      <Extensions>es</Extensions>
    </Filter>
    <Filter Include="Class Files\Players">
      <UniqueIdentifier>{718f2278-5d32-45f7-af15-7e3aaf411822}</UniqueIdentifier>
      <Extensions>es</Extensions>
    </Filter>
    <Filter Include="Class Files\Tools">
      <UniqueIdentifier>{bd9fdc67-9e8f-47b1-b6e0-3e745f85d39a}</UniqueIdentifier>
      <Extensions>es</Extensions>
    </Filter>
    <Filter Include="Class Files\Weapons">
      <UniqueIdentifier>{306a9fdd-9552-40eb-b911-73bcd3cc4ef0}</UniqueIdentifier>
      <Extensions>es</Extensions>
    </Filter>
    <Filter Include="Source Files\Entity sources">
      <UniqueIdentifier>{6432fa98-fede-4062-b006-07d4eb9b0371}</UniqueIdentifier>
    </Filter>
  </ItemGroup>
  <ItemGroup>
    <ClCompile Include="Common\Common.cpp">
      <Filter>Source Files\Common sources</Filter>
    </ClCompile>
    <ClCompile Include="Common\HUD.cpp">
      <Filter>Source Files\Common sources</Filter>
    </ClCompile>
    <ClCompile Include="Common\PathFinding.cpp">
      <Filter>Source Files\Common sources</Filter>
    </ClCompile>
    <ClCompile Include="AI\Reminder.cpp">
      <Filter>Source Files\Entity sources</Filter>
    </ClCompile>
    <ClCompile Include="AI\Spinner.cpp">
      <Filter>Source Files\Entity sources</Filter>
    </ClCompile>
    <ClCompile Include="AI\TacticsChanger.cpp">
      <Filter>Source Files\Entity sources</Filter>
    </ClCompile>
    <ClCompile Include="AI\TacticsHolder.cpp">
      <Filter>Source Files\Entity sources</Filter>
    </ClCompile>
    <ClCompile Include="AI\Watcher.cpp">
      <Filter>Source Files\Entity sources</Filter>
    </ClCompile>
    <ClCompile Include="AI\WatchPlayers.cpp">
      <Filter>Source Files\Entity sources</Filter>
    </ClCompile>
    <ClCompile Include="AI\NavigationMarker.cpp">
      <Filter>Source Files\Entity sources</Filter>
    </ClCompile>
    <ClCompile Include="Brushes\Pendulum.cpp">
      <Filter>Source Files\Entity sources</Filter>
    </ClCompile>
    <ClCompile Include="Brushes\Ship.cpp">
      <Filter>Source Files\Entity sources</Filter>
    </ClCompile>
    <ClCompile Include="Brushes\ShipMarker.cpp">
      <Filter>Source Files\Entity sources</Filter>
    </ClCompile>
    <ClCompile Include="Brushes\WorldBase.cpp">
      <Filter>Source Files\Entity sources</Filter>
    </ClCompile>
    <ClCompile Include="Brushes\Bouncer.cpp">
      <Filter>Source Files\Entity sources</Filter>
    </ClCompile>
    <ClCompile Include="Brushes\DestroyableArchitecture.cpp">
      <Filter>Source Files\Entity sources</Filter>
    </ClCompile>
    <ClCompile Include="Brushes\MovingBrush.cpp">
      <Filter>Source Files\Entity sources</Filter>
    </ClCompile>
    <ClCompile Include="Brushes\MovingBrushMarker.cpp">
      <Filter>Source Files\Entity sources</Filter>
    </ClCompile>
    <ClCompile Include="Effects\WorldSettingsController.cpp">
      <Filter>Source Files\Entity sources</Filter>
    </ClCompile>
    <ClCompile Include="Effects\BasicEffects.cpp">
      <Filter>Source Files\Entity sources</Filter>
    </ClCompile>
    <ClCompile Include="Effects\BlendController.cpp">
      <Filter>Source Files\Entity sources</Filter>
    </ClCompile>
    <ClCompile Include="Effects\BloodSpray.cpp">
      <Filter>Source Files\Entity sources</Filter>
    </ClCompile>
    <ClCompile Include="Effects\Debris.cpp">
      <Filter>Source Files\Entity sources</Filter>
    </ClCompile>
    <ClCompile Include="Effects\EffectMarker.cpp">
      <Filter>Source Files\Entity sources</Filter>
    </ClCompile>
    <ClCompile Include="Effects\Effector.cpp">
      <Filter>Source Files\Entity sources</Filter>
    </ClCompile>
    <ClCompile Include="Effects\Fireworks.cpp">
      <Filter>Source Files\Entity sources</Filter>
    </ClCompile>
    <ClCompile Include="Effects\Lightning.cpp">
      <Filter>Source Files\Entity sources</Filter>
    </ClCompile>
    <ClCompile Include="Effects\MeteorShower.cpp">
      <Filter>Source Files\Entity sources</Filter>
    </ClCompile>
    <ClCompile Include="Effects\PhotoAlbum.cpp">
      <Filter>Source Files\Entity sources</Filter>
    </ClCompile>
    <ClCompile Include="Effects\PyramidSpaceShip.cpp">
      <Filter>Source Files\Entity sources</Filter>
    </ClCompile>
    <ClCompile Include="Effects\PyramidSpaceShipMarker.cpp">
      <Filter>Source Files\Entity sources</Filter>
    </ClCompile>
    <ClCompile Include="Effects\RollingStone.cpp">
      <Filter>Source Files\Entity sources</Filter>
    </ClCompile>
    <ClCompile Include="Effects\StormController.cpp">
      <Filter>Source Files\Entity sources</Filter>
    </ClCompile>
    <ClCompile Include="Effects\TimeController.cpp">
      <Filter>Source Files\Entity sources</Filter>
    </ClCompile>
    <ClCompile Include="Enemies\SummonerMarker.cpp">
      <Filter>Source Files\Entity sources</Filter>
    </ClCompile>
    <ClCompile Include="Enemies\Walker.cpp">
      <Filter>Source Files\Entity sources</Filter>
    </ClCompile>
    <ClCompile Include="Enemies\Werebull.cpp">
      <Filter>Source Files\Entity sources</Filter>
    </ClCompile>
    <ClCompile Include="Enemies\Woman.cpp">
      <Filter>Source Files\Entity sources</Filter>
    </ClCompile>
    <ClCompile Include="Enemies\AirElemental.cpp">
      <Filter>Source Files\Entity sources</Filter>
    </ClCompile>
    <ClCompile Include="Enemies\Beast.cpp">
      <Filter>Source Files\Entity sources</Filter>
    </ClCompile>
    <ClCompile Include="Enemies\BigHead.cpp">
      <Filter>Source Files\Entity sources</Filter>
    </ClCompile>
    <ClCompile Include="Enemies\Boneman.cpp">
      <Filter>Source Files\Entity sources</Filter>
    </ClCompile>
    <ClCompile Include="Enemies\CannonRotating.cpp">
      <Filter>Source Files\Entity sources</Filter>
    </ClCompile>
    <ClCompile Include="Enemies\CannonStatic.cpp">
      <Filter>Source Files\Entity sources</Filter>
    </ClCompile>
    <ClCompile Include="Enemies\ChainsawFreak.cpp">
      <Filter>Source Files\Entity sources</Filter>
    </ClCompile>
    <ClCompile Include="Enemies\CrateBus.cpp">
      <Filter>Source Files\Entity sources</Filter>
    </ClCompile>
    <ClCompile Include="Enemies\CrateRider.cpp">
      <Filter>Source Files\Entity sources</Filter>
    </ClCompile>
    <ClCompile Include="Enemies\Demon.cpp">
      <Filter>Source Files\Entity sources</Filter>
    </ClCompile>
    <ClCompile Include="Enemies\Devil.cpp">
      <Filter>Source Files\Entity sources</Filter>
    </ClCompile>
    <ClCompile Include="Enemies\DevilMarker.cpp">
      <Filter>Source Files\Entity sources</Filter>
    </ClCompile>
    <ClCompile Include="Enemies\Elemental.cpp">
      <Filter>Source Files\Entity sources</Filter>
    </ClCompile>
    <ClCompile Include="Enemies\EnemyBase.cpp">
      <Filter>Source Files\Entity sources</Filter>
    </ClCompile>
    <ClCompile Include="Enemies\EnemyCounter.cpp">
      <Filter>Source Files\Entity sources</Filter>
    </ClCompile>
    <ClCompile Include="Enemies\EnemyDive.cpp">
      <Filter>Source Files\Entity sources</Filter>
    </ClCompile>
    <ClCompile Include="Enemies\EnemyFly.cpp">
      <Filter>Source Files\Entity sources</Filter>
    </ClCompile>
    <ClCompile Include="Enemies\EnemyMarker.cpp">
      <Filter>Source Files\Entity sources</Filter>
    </ClCompile>
    <ClCompile Include="Enemies\EnemyRunInto.cpp">
      <Filter>Source Files\Entity sources</Filter>
    </ClCompile>
    <ClCompile Include="Enemies\EnemySpawner.cpp">
      <Filter>Source Files\Entity sources</Filter>
    </ClCompile>
    <ClCompile Include="Enemies\ExotechLarva.cpp">
      <Filter>Source Files\Entity sources</Filter>
    </ClCompile>
    <ClCompile Include="Enemies\ExotechLarvaBattery.cpp">
      <Filter>Source Files\Entity sources</Filter>
    </ClCompile>
    <ClCompile Include="Enemies\ExotechLarvaCharger.cpp">
      <Filter>Source Files\Entity sources</Filter>
    </ClCompile>
    <ClCompile Include="Enemies\Eyeman.cpp">
      <Filter>Source Files\Entity sources</Filter>
    </ClCompile>
    <ClCompile Include="Enemies\Fish.cpp">
      <Filter>Source Files\Entity sources</Filter>
    </ClCompile>
    <ClCompile Include="Enemies\Gizmo.cpp">
      <Filter>Source Files\Entity sources</Filter>
    </ClCompile>
    <ClCompile Include="Enemies\Grunt.cpp">
      <Filter>Source Files\Entity sources</Filter>
    </ClCompile>
    <ClCompile Include="Enemies\GruntSka.cpp">
      <Filter>Source Files\Entity sources</Filter>
    </ClCompile>
    <ClCompile Include="Enemies\Guffy.cpp">
      <Filter>Source Files\Entity sources</Filter>
    </ClCompile>
    <ClCompile Include="Enemies\Headman.cpp">
      <Filter>Source Files\Entity sources</Filter>
    </ClCompile>
    <ClCompile Include="Enemies\Santa.cpp">
      <Filter>Source Files\Entity sources</Filter>
    </ClCompile>
    <ClCompile Include="Enemies\Scorpman.cpp">
      <Filter>Source Files\Entity sources</Filter>
    </ClCompile>
    <ClCompile Include="Enemies\Shooter.cpp">
      <Filter>Source Files\Entity sources</Filter>
    </ClCompile>
    <ClCompile Include="Enemies\Summoner.cpp">
      <Filter>Source Files\Entity sources</Filter>
    </ClCompile>
    <ClCompile Include="Environment\EnvironmentBase.cpp">
      <Filter>Source Files\Entity sources</Filter>
    </ClCompile>
    <ClCompile Include="Environment\EnvironmentMarker.cpp">
      <Filter>Source Files\Entity sources</Filter>
    </ClCompile>
    <ClCompile Include="Environment\EnvironmentParticlesHolder.cpp">
      <Filter>Source Files\Entity sources</Filter>
    </ClCompile>
    <ClCompile Include="Items\HealthItem.cpp">
      <Filter>Source Files\Entity sources</Filter>
    </ClCompile>
    <ClCompile Include="Items\Item.cpp">
      <Filter>Source Files\Entity sources</Filter>
    </ClCompile>
    <ClCompile Include="Items\KeyItem.cpp">
      <Filter>Source Files\Entity sources</Filter>
    </ClCompile>
    <ClCompile Include="Items\MessageItem.cpp">
      <Filter>Source Files\Entity sources</Filter>
    </ClCompile>
    <ClCompile Include="Items\PowerUpItem.cpp">
      <Filter>Source Files\Entity sources</Filter>
    </ClCompile>
    <ClCompile Include="Items\WeaponItem.cpp">
      <Filter>Source Files\Entity sources</Filter>
    </ClCompile>
    <ClCompile Include="Items\AmmoItem.cpp">
      <Filter>Source Files\Entity sources</Filter>
    </ClCompile>
    <ClCompile Include="Items\AmmoPack.cpp">
      <Filter>Source Files\Entity sources</Filter>
    </ClCompile>
    <ClCompile Include="Items\ArmorItem.cpp">
      <Filter>Source Files\Entity sources</Filter>
    </ClCompile>
    <ClCompile Include="Players\PlayerMarker.cpp">
      <Filter>Source Files\Entity sources</Filter>
    </ClCompile>
    <ClCompile Include="Players\PlayerView.cpp">
      <Filter>Source Files\Entity sources</Filter>
    </ClCompile>
    <ClCompile Include="Players\PlayerWeapons.cpp">
      <Filter>Source Files\Entity sources</Filter>
    </ClCompile>
    <ClCompile Include="Players\PlayerWeaponsEffects.cpp">
      <Filter>Source Files\Entity sources</Filter>
    </ClCompile>
    <ClCompile Include="Players\Player.cpp">
      <Filter>Source Files\Entity sources</Filter>
    </ClCompile>
    <ClCompile Include="Players\PlayerActionMarker.cpp">
      <Filter>Source Files\Entity sources</Filter>
    </ClCompile>
    <ClCompile Include="Players\PlayerAnimator.cpp">
      <Filter>Source Files\Entity sources</Filter>
    </ClCompile>
    <ClCompile Include="Tools\VoiceHolder.cpp">
      <Filter>Source Files\Entity sources</Filter>
    </ClCompile>
    <ClCompile Include="Tools\WorldLink.cpp">
      <Filter>Source Files\Entity sources</Filter>
    </ClCompile>
    <ClCompile Include="Tools\AnimationChanger.cpp">
      <Filter>Source Files\Entity sources</Filter>
    </ClCompile>
    <ClCompile Include="Tools\AnimationHub.cpp">
      <Filter>Source Files\Entity sources</Filter>
    </ClCompile>
    <ClCompile Include="Tools\AreaMarker.cpp">
      <Filter>Source Files\Entity sources</Filter>
    </ClCompile>
    <ClCompile Include="Tools\BackgroundViewer.cpp">
      <Filter>Source Files\Entity sources</Filter>
    </ClCompile>
    <ClCompile Include="Tools\Camera.cpp">
      <Filter>Source Files\Entity sources</Filter>
    </ClCompile>
    <ClCompile Include="Tools\CameraMarker.cpp">
      <Filter>Source Files\Entity sources</Filter>
    </ClCompile>
    <ClCompile Include="Tools\Copier.cpp">
      <Filter>Source Files\Entity sources</Filter>
    </ClCompile>
    <ClCompile Include="Tools\Counter.cpp">
      <Filter>Source Files\Entity sources</Filter>
    </ClCompile>
    <ClCompile Include="Tools\CreditsHolder.cpp">
      <Filter>Source Files\Entity sources</Filter>
    </ClCompile>
    <ClCompile Include="Tools\Damager.cpp">
      <Filter>Source Files\Entity sources</Filter>
    </ClCompile>
    <ClCompile Include="Tools\DebugEntityStatesDisplay.cpp">
      <Filter>Source Files\Entity sources</Filter>
    </ClCompile>
    <ClCompile Include="Tools\DoorController.cpp">
      <Filter>Source Files\Entity sources</Filter>
    </ClCompile>
    <ClCompile Include="Tools\Eruptor.cpp">
      <Filter>Source Files\Entity sources</Filter>
    </ClCompile>
    <ClCompile Include="Tools\FogMarker.cpp">
      <Filter>Source Files\Entity sources</Filter>
    </ClCompile>
    <ClCompile Include="Tools\GradientMarker.cpp">
      <Filter>Source Files\Entity sources</Filter>
    </ClCompile>
    <ClCompile Include="Tools\GravityMarker.cpp">
      <Filter>Source Files\Entity sources</Filter>
    </ClCompile>
    <ClCompile Include="Tools\GravityRouter.cpp">
      <Filter>Source Files\Entity sources</Filter>
    </ClCompile>
    <ClCompile Include="Tools\HazeMarker.cpp">
      <Filter>Source Files\Entity sources</Filter>
    </ClCompile>
    <ClCompile Include="Tools\HudPicHolder.cpp">
      <Filter>Source Files\Entity sources</Filter>
    </ClCompile>
    <ClCompile Include="Tools\Light.cpp">
      <Filter>Source Files\Entity sources</Filter>
    </ClCompile>
    <ClCompile Include="Tools\Marker.cpp">
      <Filter>Source Files\Entity sources</Filter>
    </ClCompile>
    <ClCompile Include="Tools\MessageHolder.cpp">
      <Filter>Source Files\Entity sources</Filter>
    </ClCompile>
    <ClCompile Include="Tools\MirrorMarker.cpp">
      <Filter>Source Files\Entity sources</Filter>
    </ClCompile>
    <ClCompile Include="Tools\ModelDestruction.cpp">
      <Filter>Source Files\Entity sources</Filter>
    </ClCompile>
    <ClCompile Include="Tools\ModelHolder.cpp">
      <Filter>Source Files\Entity sources</Filter>
    </ClCompile>
    <ClCompile Include="Tools\ModelHolder2.cpp">
      <Filter>Source Files\Entity sources</Filter>
    </ClCompile>
    <ClCompile Include="Tools\ModelHolder3.cpp">
      <Filter>Source Files\Entity sources</Filter>
    </ClCompile>
    <ClCompile Include="Tools\MusicChanger.cpp">
      <Filter>Source Files\Entity sources</Filter>
    </ClCompile>
    <ClCompile Include="Tools\MusicHolder.cpp">
      <Filter>Source Files\Entity sources</Filter>
    </ClCompile>
    <ClCompile Include="Tools\ParticlesHolder.cpp">
      <Filter>Source Files\Entity sources</Filter>
    </ClCompile>
    <ClCompile Include="Tools\ScrollHolder.cpp">
      <Filter>Source Files\Entity sources</Filter>
    </ClCompile>
    <ClCompile Include="Tools\SoundHolder.cpp">
      <Filter>Source Files\Entity sources</Filter>
    </ClCompile>
    <ClCompile Include="Tools\Switch.cpp">
      <Filter>Source Files\Entity sources</Filter>
    </ClCompile>
    <ClCompile Include="Tools\Teleport.cpp">
      <Filter>Source Files\Entity sources</Filter>
    </ClCompile>
    <ClCompile Include="Tools\TextFXHolder.cpp">
      <Filter>Source Files\Entity sources</Filter>
    </ClCompile>
    <ClCompile Include="Tools\TouchField.cpp">
      <Filter>Source Files\Entity sources</Filter>
    </ClCompile>
    <ClCompile Include="Tools\Trigger.cpp">
      <Filter>Source Files\Entity sources</Filter>
    </ClCompile>
    <ClCompile Include="Weapons\SeriousBomb.cpp">
      <Filter>Source Files\Entity sources</Filter>
    </ClCompile>
    <ClCompile Include="Weapons\SpawnerProjectile.cpp">
      <Filter>Source Files\Entity sources</Filter>
    </ClCompile>
    <ClCompile Include="Weapons\Twister.cpp">
      <Filter>Source Files\Entity sources</Filter>
    </ClCompile>
    <ClCompile Include="Weapons\Water.cpp">
      <Filter>Source Files\Entity sources</Filter>
    </ClCompile>
    <ClCompile Include="Weapons\AirShockwave.cpp">
      <Filter>Source Files\Entity sources</Filter>
    </ClCompile>
    <ClCompile Include="Weapons\Bullet.cpp">
      <Filter>Source Files\Entity sources</Filter>
    </ClCompile>
    <ClCompile Include="Weapons\CannonBall.cpp">
      <Filter>Source Files\Entity sources</Filter>
    </ClCompile>
    <ClCompile Include="Weapons\DevilProjectile.cpp">
      <Filter>Source Files\Entity sources</Filter>
    </ClCompile>
    <ClCompile Include="Weapons\Flame.cpp">
      <Filter>Source Files\Entity sources</Filter>
    </ClCompile>
    <ClCompile Include="Weapons\GhostBusterRay.cpp">
      <Filter>Source Files\Entity sources</Filter>
    </ClCompile>
    <ClCompile Include="Weapons\LarvaOffspring.cpp">
      <Filter>Source Files\Entity sources</Filter>
    </ClCompile>
    <ClCompile Include="Weapons\Pipebomb.cpp">
      <Filter>Source Files\Entity sources</Filter>
    </ClCompile>
    <ClCompile Include="Weapons\Projectile.cpp">
      <Filter>Source Files\Entity sources</Filter>
    </ClCompile>
    <ClCompile Include="Global.cpp">
      <Filter>Source Files</Filter>
    </ClCompile>
    <ClCompile Include="LibMain.cpp">
      <Filter>Source Files</Filter>
    </ClCompile>
    <ClCompile Include="..\CommonEntities\Common\Particles.cpp">
      <Filter>Source Files\Common sources</Filter>
    </ClCompile>
    <ClCompile Include="..\CommonEntities\Common\EmanatingParticles.cpp">
      <Filter>Source Files\Common sources</Filter>
    </ClCompile>
  </ItemGroup>
  <ItemGroup>
    <ClInclude Include="Common\Common.h">
      <Filter>Header Files\Common headers</Filter>
    </ClInclude>
    <ClInclude Include="Common\Flags.h">
      <Filter>Header Files\Common headers</Filter>
    </ClInclude>
    <ClInclude Include="Common\GameInterface.h">
      <Filter>Header Files\Common headers</Filter>
    </ClInclude>
    <ClInclude Include="Common\PathFinding.h">
      <Filter>Header Files\Common headers</Filter>
    </ClInclude>
    <ClInclude Include="Common\WeaponPositions.h">
      <Filter>Header Files\Common headers</Filter>
    </ClInclude>
    <ClInclude Include="StdH.h">
      <Filter>Header Files</Filter>
    </ClInclude>
    <ClInclude Include="EntitiesAPI.h">
      <Filter>Header Files</Filter>
    </ClInclude>
    <ClInclude Include="..\CommonEntities\Common\Particles.h">
      <Filter>Header Files\Common headers</Filter>
    </ClInclude>
    <ClInclude Include="..\CommonEntities\Common\EmanatingParticles.h">
      <Filter>Header Files\Common headers</Filter>
    </ClInclude>
  </ItemGroup>
  <ItemGroup>
    <CustomBuild Include="Global.es">
      <Filter>Class Files</Filter>
    </CustomBuild>
    <CustomBuild Include="LastFileID.txt">
      <Filter>Class Files</Filter>
    </CustomBuild>
    <CustomBuild Include="Enemies\Woman.es">
      <Filter>Class Files\Enemies</Filter>
    </CustomBuild>
    <CustomBuild Include="AI\NavigationMarker.es">
      <Filter>Class Files\AI</Filter>
    </CustomBuild>
    <CustomBuild Include="AI\Reminder.es">
      <Filter>Class Files\AI</Filter>
    </CustomBuild>
    <CustomBuild Include="AI\Spinner.es">
      <Filter>Class Files\AI</Filter>
    </CustomBuild>
    <CustomBuild Include="AI\TacticsChanger.es">
      <Filter>Class Files\AI</Filter>
    </CustomBuild>
    <CustomBuild Include="AI\TacticsHolder.es">
      <Filter>Class Files\AI</Filter>
    </CustomBuild>
    <CustomBuild Include="AI\Watcher.es">
      <Filter>Class Files\AI</Filter>
    </CustomBuild>
    <CustomBuild Include="AI\WatchPlayers.es">
      <Filter>Class Files\AI</Filter>
    </CustomBuild>
    <CustomBuild Include="Brushes\Bouncer.es">
      <Filter>Class Files\Brushes</Filter>
    </CustomBuild>
    <CustomBuild Include="Brushes\DestroyableArchitecture.es">
      <Filter>Class Files\Brushes</Filter>
    </CustomBuild>
    <CustomBuild Include="Brushes\MovingBrush.es">
      <Filter>Class Files\Brushes</Filter>
    </CustomBuild>
    <CustomBuild Include="Brushes\MovingBrushMarker.es">
      <Filter>Class Files\Brushes</Filter>
    </CustomBuild>
    <CustomBuild Include="Brushes\Pendulum.es">
      <Filter>Class Files\Brushes</Filter>
    </CustomBuild>
    <CustomBuild Include="Brushes\Ship.es">
      <Filter>Class Files\Brushes</Filter>
    </CustomBuild>
    <CustomBuild Include="Brushes\ShipMarker.es">
      <Filter>Class Files\Brushes</Filter>
    </CustomBuild>
    <CustomBuild Include="Brushes\WorldBase.es">
      <Filter>Class Files\Brushes</Filter>
    </CustomBuild>
    <CustomBuild Include="Effects\BasicEffects.es">
      <Filter>Class Files\Effects</Filter>
    </CustomBuild>
    <CustomBuild Include="Effects\BlendController.es">
      <Filter>Class Files\Effects</Filter>
    </CustomBuild>
    <CustomBuild Include="Effects\BloodSpray.es">
      <Filter>Class Files\Effects</Filter>
    </CustomBuild>
    <CustomBuild Include="Effects\Debris.es">
      <Filter>Class Files\Effects</Filter>
    </CustomBuild>
    <CustomBuild Include="Effects\EffectMarker.es">
      <Filter>Class Files\Effects</Filter>
    </CustomBuild>
    <CustomBuild Include="Effects\Effector.es">
      <Filter>Class Files\Effects</Filter>
    </CustomBuild>
    <CustomBuild Include="Effects\Fireworks.es">
      <Filter>Class Files\Effects</Filter>
    </CustomBuild>
    <CustomBuild Include="Effects\Lightning.es">
      <Filter>Class Files\Effects</Filter>
    </CustomBuild>
    <CustomBuild Include="Effects\MeteorShower.es">
      <Filter>Class Files\Effects</Filter>
    </CustomBuild>
    <CustomBuild Include="Effects\PhotoAlbum.es">
      <Filter>Class Files\Effects</Filter>
    </CustomBuild>
    <CustomBuild Include="Effects\PyramidSpaceShip.es">
      <Filter>Class Files\Effects</Filter>
    </CustomBuild>
    <CustomBuild Include="Effects\PyramidSpaceShipMarker.es">
      <Filter>Class Files\Effects</Filter>
    </CustomBuild>
    <CustomBuild Include="Effects\RollingStone.es">
      <Filter>Class Files\Effects</Filter>
    </CustomBuild>
    <CustomBuild Include="Effects\StormController.es">
      <Filter>Class Files\Effects</Filter>
    </CustomBuild>
    <CustomBuild Include="Effects\TimeController.es">
      <Filter>Class Files\Effects</Filter>
    </CustomBuild>
    <CustomBuild Include="Effects\WorldSettingsController.es">
      <Filter>Class Files\Effects</Filter>
    </CustomBuild>
    <CustomBuild Include="Enemies\AirElemental.es">
      <Filter>Class Files\Enemies</Filter>
    </CustomBuild>
    <CustomBuild Include="Enemies\Beast.es">
      <Filter>Class Files\Enemies</Filter>
    </CustomBuild>
    <CustomBuild Include="Enemies\BigHead.es">
      <Filter>Class Files\Enemies</Filter>
    </CustomBuild>
    <CustomBuild Include="Enemies\Boneman.es">
      <Filter>Class Files\Enemies</Filter>
    </CustomBuild>
    <CustomBuild Include="Enemies\CannonRotating.es">
      <Filter>Class Files\Enemies</Filter>
    </CustomBuild>
    <CustomBuild Include="Enemies\CannonStatic.es">
      <Filter>Class Files\Enemies</Filter>
    </CustomBuild>
    <CustomBuild Include="Enemies\ChainsawFreak.es">
      <Filter>Class Files\Enemies</Filter>
    </CustomBuild>
    <CustomBuild Include="Enemies\CrateBus.es">
      <Filter>Class Files\Enemies</Filter>
    </CustomBuild>
    <CustomBuild Include="Enemies\CrateRider.es">
      <Filter>Class Files\Enemies</Filter>
    </CustomBuild>
    <CustomBuild Include="Enemies\Demon.es">
      <Filter>Class Files\Enemies</Filter>
    </CustomBuild>
    <CustomBuild Include="Enemies\Devil.es">
      <Filter>Class Files\Enemies</Filter>
    </CustomBuild>
    <CustomBuild Include="Enemies\DevilMarker.es">
      <Filter>Class Files\Enemies</Filter>
    </CustomBuild>
    <CustomBuild Include="Enemies\Elemental.es">
      <Filter>Class Files\Enemies</Filter>
    </CustomBuild>
    <CustomBuild Include="Enemies\EnemyBase.es">
      <Filter>Class Files\Enemies</Filter>
    </CustomBuild>
    <CustomBuild Include="Enemies\EnemyCounter.es">
      <Filter>Class Files\Enemies</Filter>
    </CustomBuild>
    <CustomBuild Include="Enemies\EnemyDive.es">
      <Filter>Class Files\Enemies</Filter>
    </CustomBuild>
    <CustomBuild Include="Enemies\EnemyFly.es">
      <Filter>Class Files\Enemies</Filter>
    </CustomBuild>
    <CustomBuild Include="Enemies\EnemyMarker.es">
      <Filter>Class Files\Enemies</Filter>
    </CustomBuild>
    <CustomBuild Include="Enemies\EnemyRunInto.es">
      <Filter>Class Files\Enemies</Filter>
    </CustomBuild>
    <CustomBuild Include="Enemies\EnemySpawner.es">
      <Filter>Class Files\Enemies</Filter>
    </CustomBuild>
    <CustomBuild Include="Enemies\ExotechLarva.es">
      <Filter>Class Files\Enemies</Filter>
    </CustomBuild>
    <CustomBuild Include="Enemies\ExotechLarvaBattery.es">
      <Filter>Class Files\Enemies</Filter>
    </CustomBuild>
    <CustomBuild Include="Enemies\ExotechLarvaCharger.es">
      <Filter>Class Files\Enemies</Filter>
    </CustomBuild>
    <CustomBuild Include="Enemies\Eyeman.es">
      <Filter>Class Files\Enemies</Filter>
    </CustomBuild>
    <CustomBuild Include="Enemies\Fish.es">
      <Filter>Class Files\Enemies</Filter>
    </CustomBuild>
    <CustomBuild Include="Enemies\Gizmo.es">
      <Filter>Class Files\Enemies</Filter>
    </CustomBuild>
    <CustomBuild Include="Enemies\Grunt.es">
      <Filter>Class Files\Enemies</Filter>
    </CustomBuild>
    <CustomBuild Include="Enemies\GruntSka.es">
      <Filter>Class Files\Enemies</Filter>
    </CustomBuild>
    <CustomBuild Include="Enemies\Guffy.es">
      <Filter>Class Files\Enemies</Filter>
    </CustomBuild>
    <CustomBuild Include="Enemies\Headman.es">
      <Filter>Class Files\Enemies</Filter>
    </CustomBuild>
    <CustomBuild Include="Enemies\Santa.es">
      <Filter>Class Files\Enemies</Filter>
    </CustomBuild>
    <CustomBuild Include="Enemies\Scorpman.es">
      <Filter>Class Files\Enemies</Filter>
    </CustomBuild>
    <CustomBuild Include="Enemies\Shooter.es">
      <Filter>Class Files\Enemies</Filter>
    </CustomBuild>
    <CustomBuild Include="Enemies\Summoner.es">
      <Filter>Class Files\Enemies</Filter>
    </CustomBuild>
    <CustomBuild Include="Enemies\SummonerMarker.es">
      <Filter>Class Files\Enemies</Filter>
    </CustomBuild>
    <CustomBuild Include="Enemies\Walker.es">
      <Filter>Class Files\Enemies</Filter>
    </CustomBuild>
    <CustomBuild Include="Enemies\Werebull.es">
      <Filter>Class Files\Enemies</Filter>
    </CustomBuild>
    <CustomBuild Include="Environment\EnvironmentBase.es">
      <Filter>Class Files\Environment</Filter>
    </CustomBuild>
    <CustomBuild Include="Environment\EnvironmentMarker.es">
      <Filter>Class Files\Environment</Filter>
    </CustomBuild>
    <CustomBuild Include="Environment\EnvironmentParticlesHolder.es">
      <Filter>Class Files\Environment</Filter>
    </CustomBuild>
    <CustomBuild Include="Items\AmmoItem.es">
      <Filter>Class Files\Items</Filter>
    </CustomBuild>
    <CustomBuild Include="Items\AmmoPack.es">
      <Filter>Class Files\Items</Filter>
    </CustomBuild>
    <CustomBuild Include="Items\ArmorItem.es">
      <Filter>Class Files\Items</Filter>
    </CustomBuild>
    <CustomBuild Include="Items\HealthItem.es">
      <Filter>Class Files\Items</Filter>
    </CustomBuild>
    <CustomBuild Include="Items\Item.es">
      <Filter>Class Files\Items</Filter>
    </CustomBuild>
    <CustomBuild Include="Items\KeyItem.es">
      <Filter>Class Files\Items</Filter>
    </CustomBuild>
    <CustomBuild Include="Items\MessageItem.es">
      <Filter>Class Files\Items</Filter>
    </CustomBuild>
    <CustomBuild Include="Items\PowerUpItem.es">
      <Filter>Class Files\Items</Filter>
    </CustomBuild>
    <CustomBuild Include="Items\WeaponItem.es">
      <Filter>Class Files\Items</Filter>
    </CustomBuild>
    <CustomBuild Include="Players\Player.es">
      <Filter>Class Files\Players</Filter>
    </CustomBuild>
    <CustomBuild Include="Players\PlayerActionMarker.es">
      <Filter>Class Files\Players</Filter>
    </CustomBuild>
    <CustomBuild Include="Players\PlayerAnimator.es">
      <Filter>Class Files\Players</Filter>
    </CustomBuild>
    <CustomBuild Include="Players\PlayerMarker.es">
      <Filter>Class Files\Players</Filter>
    </CustomBuild>
    <CustomBuild Include="Players\PlayerView.es">
      <Filter>Class Files\Players</Filter>
    </CustomBuild>
    <CustomBuild Include="Players\PlayerWeapons.es">
      <Filter>Class Files\Players</Filter>
    </CustomBuild>
    <CustomBuild Include="Players\PlayerWeaponsEffects.es">
      <Filter>Class Files\Players</Filter>
    </CustomBuild>
    <CustomBuild Include="Tools\AnimationChanger.es">
      <Filter>Class Files\Tools</Filter>
    </CustomBuild>
    <CustomBuild Include="Tools\AnimationHub.es">
      <Filter>Class Files\Tools</Filter>
    </CustomBuild>
    <CustomBuild Include="Tools\AreaMarker.es">
      <Filter>Class Files\Tools</Filter>
    </CustomBuild>
    <CustomBuild Include="Tools\BackgroundViewer.es">
      <Filter>Class Files\Tools</Filter>
    </CustomBuild>
    <CustomBuild Include="Tools\Camera.es">
      <Filter>Class Files\Tools</Filter>
    </CustomBuild>
    <CustomBuild Include="Tools\CameraMarker.es">
      <Filter>Class Files\Tools</Filter>
    </CustomBuild>
    <CustomBuild Include="Tools\Copier.es">
      <Filter>Class Files\Tools</Filter>
    </CustomBuild>
    <CustomBuild Include="Tools\Counter.es">
      <Filter>Class Files\Tools</Filter>
    </CustomBuild>
    <CustomBuild Include="Tools\CreditsHolder.es">
      <Filter>Class Files\Tools</Filter>
    </CustomBuild>
    <CustomBuild Include="Tools\Damager.es">
      <Filter>Class Files\Tools</Filter>
    </CustomBuild>
    <CustomBuild Include="Tools\DebugEntityStatesDisplay.es">
      <Filter>Class Files\Tools</Filter>
    </CustomBuild>
    <CustomBuild Include="Tools\DoorController.es">
      <Filter>Class Files\Tools</Filter>
    </CustomBuild>
    <CustomBuild Include="Tools\Eruptor.es">
      <Filter>Class Files\Tools</Filter>
    </CustomBuild>
    <CustomBuild Include="Tools\FogMarker.es">
      <Filter>Class Files\Tools</Filter>
    </CustomBuild>
    <CustomBuild Include="Tools\GradientMarker.es">
      <Filter>Class Files\Tools</Filter>
    </CustomBuild>
    <CustomBuild Include="Tools\GravityMarker.es">
      <Filter>Class Files\Tools</Filter>
    </CustomBuild>
    <CustomBuild Include="Tools\GravityRouter.es">
      <Filter>Class Files\Tools</Filter>
    </CustomBuild>
    <CustomBuild Include="Tools\HazeMarker.es">
      <Filter>Class Files\Tools</Filter>
    </CustomBuild>
    <CustomBuild Include="Tools\HudPicHolder.es">
      <Filter>Class Files\Tools</Filter>
    </CustomBuild>
    <CustomBuild Include="Tools\Light.es">
      <Filter>Class Files\Tools</Filter>
    </CustomBuild>
    <CustomBuild Include="Tools\Marker.es">
      <Filter>Class Files\Tools</Filter>
    </CustomBuild>
    <CustomBuild Include="Tools\MessageHolder.es">
      <Filter>Class Files\Tools</Filter>
    </CustomBuild>
    <CustomBuild Include="Tools\MirrorMarker.es">
      <Filter>Class Files\Tools</Filter>
    </CustomBuild>
    <CustomBuild Include="Tools\ModelDestruction.es">
      <Filter>Class Files\Tools</Filter>
    </CustomBuild>
    <CustomBuild Include="Tools\ModelHolder.es">
      <Filter>Class Files\Tools</Filter>
    </CustomBuild>
    <CustomBuild Include="Tools\ModelHolder2.es">
      <Filter>Class Files\Tools</Filter>
    </CustomBuild>
    <CustomBuild Include="Tools\ModelHolder3.es">
      <Filter>Class Files\Tools</Filter>
    </CustomBuild>
    <CustomBuild Include="Tools\MusicChanger.es">
      <Filter>Class Files\Tools</Filter>
    </CustomBuild>
    <CustomBuild Include="Tools\MusicHolder.es">
      <Filter>Class Files\Tools</Filter>
    </CustomBuild>
    <CustomBuild Include="Tools\ParticlesHolder.es">
      <Filter>Class Files\Tools</Filter>
    </CustomBuild>
    <CustomBuild Include="Tools\ScrollHolder.es">
      <Filter>Class Files\Tools</Filter>
    </CustomBuild>
    <CustomBuild Include="Tools\SoundHolder.es">
      <Filter>Class Files\Tools</Filter>
    </CustomBuild>
    <CustomBuild Include="Tools\Switch.es">
      <Filter>Class Files\Tools</Filter>
    </CustomBuild>
    <CustomBuild Include="Tools\Teleport.es">
      <Filter>Class Files\Tools</Filter>
    </CustomBuild>
    <CustomBuild Include="Tools\TextFXHolder.es">
      <Filter>Class Files\Tools</Filter>
    </CustomBuild>
    <CustomBuild Include="Tools\TouchField.es">
      <Filter>Class Files\Tools</Filter>
    </CustomBuild>
    <CustomBuild Include="Tools\Trigger.es">
      <Filter>Class Files\Tools</Filter>
    </CustomBuild>
    <CustomBuild Include="Tools\VoiceHolder.es">
      <Filter>Class Files\Tools</Filter>
    </CustomBuild>
    <CustomBuild Include="Tools\WorldLink.es">
      <Filter>Class Files\Tools</Filter>
    </CustomBuild>
    <CustomBuild Include="Weapons\AirShockwave.es">
      <Filter>Class Files\Weapons</Filter>
    </CustomBuild>
    <CustomBuild Include="Weapons\Bullet.es">
      <Filter>Class Files\Weapons</Filter>
    </CustomBuild>
    <CustomBuild Include="Weapons\CannonBall.es">
      <Filter>Class Files\Weapons</Filter>
    </CustomBuild>
    <CustomBuild Include="Weapons\DevilProjectile.es">
      <Filter>Class Files\Weapons</Filter>
    </CustomBuild>
    <CustomBuild Include="Weapons\Flame.es">
      <Filter>Class Files\Weapons</Filter>
    </CustomBuild>
    <CustomBuild Include="Weapons\GhostBusterRay.es">
      <Filter>Class Files\Weapons</Filter>
    </CustomBuild>
    <CustomBuild Include="Weapons\LarvaOffspring.es">
      <Filter>Class Files\Weapons</Filter>
    </CustomBuild>
    <CustomBuild Include="Weapons\Pipebomb.es">
      <Filter>Class Files\Weapons</Filter>
    </CustomBuild>
    <CustomBuild Include="Weapons\Projectile.es">
      <Filter>Class Files\Weapons</Filter>
    </CustomBuild>
    <CustomBuild Include="Weapons\SeriousBomb.es">
      <Filter>Class Files\Weapons</Filter>
    </CustomBuild>
    <CustomBuild Include="Weapons\SpawnerProjectile.es">
      <Filter>Class Files\Weapons</Filter>
    </CustomBuild>
    <CustomBuild Include="Weapons\Twister.es">
      <Filter>Class Files\Weapons</Filter>
    </CustomBuild>
    <CustomBuild Include="Weapons\Water.es">
      <Filter>Class Files\Weapons</Filter>
    </CustomBuild>
  </ItemGroup>
</Project>